// !$*UTF8*$!
{
	archiveVersion = 1;
	classes = {
	};
	objectVersion = 46;
	objects = {

/* Begin PBXBuildFile section */
		0207DA581B56EA530066E2B4 /* Images.xcassets in Resources */ = {isa = PBXBuildFile; fileRef = 0207DA571B56EA530066E2B4 /* Images.xcassets */; };
		059FDC7653FD499FA07DD869 /* GMSelected.png in Resources */ = {isa = PBXBuildFile; fileRef = 625ED05717A3439F9116C6C6 /* GMSelected.png */; };
		06C32813226E43758FA30D9F /* TextRequestSerializer.m in Sources */ = {isa = PBXBuildFile; fileRef = D184CB9F37394FADB2C04118 /* TextRequestSerializer.m */; };
		0C7C04A125448EE300EAE28F /* NotificationService.m in Sources */ = {isa = PBXBuildFile; fileRef = 0C7C04A025448EE300EAE28F /* NotificationService.m */; };
		0C7C04A525448EE300EAE28F /* OneSignalNotificationServiceExtension.appex in Embed App Extensions */ = {isa = PBXBuildFile; fileRef = 0C7C049D25448EE200EAE28F /* OneSignalNotificationServiceExtension.appex */; settings = {ATTRIBUTES = (RemoveHeadersOnCopy, ); }; };
		0C7C04B62544907F00EAE28F /* WebKit.framework in Frameworks */ = {isa = PBXBuildFile; fileRef = 2DCD6FDBFD484BEDB49B3D6E /* WebKit.framework */; };
		0C7C04B82544908700EAE28F /* CoreGraphics.framework in Frameworks */ = {isa = PBXBuildFile; fileRef = 0C7C04B72544908700EAE28F /* CoreGraphics.framework */; };
		0C7C04BA2544908D00EAE28F /* UIKit.framework in Frameworks */ = {isa = PBXBuildFile; fileRef = 0C7C04B92544908D00EAE28F /* UIKit.framework */; };
		0C7C04BB2544909400EAE28F /* SystemConfiguration.framework in Frameworks */ = {isa = PBXBuildFile; fileRef = 460468551F394CB293DC9121 /* SystemConfiguration.framework */; };
		0C7C04BD254490AC00EAE28F /* OneSignal.framework in Frameworks */ = {isa = PBXBuildFile; fileRef = 0C7C04BC254490AC00EAE28F /* OneSignal.framework */; };
		0C7C04CF254494F400EAE28F /* OneSignal.framework in Frameworks */ = {isa = PBXBuildFile; fileRef = 0C7C04BC254490AC00EAE28F /* OneSignal.framework */; };
		1126D5465D854E008A26E5AC /* GMEmptyFolder@1x.png in Resources */ = {isa = PBXBuildFile; fileRef = 89D387D893AD406F95D0F44B /* GMEmptyFolder@1x.png */; };
		1206347646D14DA6AB965F63 /* CDVLocation.m in Sources */ = {isa = PBXBuildFile; fileRef = DAE23BDC44B147A6B04F80B1 /* CDVLocation.m */; };
		14952FE194234288B0808A84 /* GMPHAsset.m in Sources */ = {isa = PBXBuildFile; fileRef = 225249FC27B9410B99C5327C /* GMPHAsset.m */; };
		151AB420F557496D9ABC0994 /* GMImagePickerController.m in Sources */ = {isa = PBXBuildFile; fileRef = 19D6A8EB2F024CFF87820C73 /* GMImagePickerController.m */; };
		156FD360468D463D9C85AB07 /* CDVWKWebViewUIDelegate.m in Sources */ = {isa = PBXBuildFile; fileRef = 40485AE7FFD94C39A614031C /* CDVWKWebViewUIDelegate.m */; };
		1D3623260D0F684500981E51 /* AppDelegate.m in Sources */ = {isa = PBXBuildFile; fileRef = 1D3623250D0F684500981E51 /* AppDelegate.m */; };
		1D60589B0D05DD56006BFB54 /* main.m in Sources */ = {isa = PBXBuildFile; fileRef = 29B97316FDCFA39411CA2CEA /* main.m */; };
		1F3D3B2CFFB647F7AAF0206C /* GMEmptyFolder@2x.png in Resources */ = {isa = PBXBuildFile; fileRef = E0A0821D0E154A69AC56D654 /* GMEmptyFolder@2x.png */; };
		22FD2180C64D4F779616CEE6 /* it.lproj in Resources */ = {isa = PBXBuildFile; fileRef = F2A7DCCC55284419987E0590 /* it.lproj */; };
		23208FD2F3F8426F971195D8 /* GMSelected@2x.png in Resources */ = {isa = PBXBuildFile; fileRef = 8D7B9005016A4778A6C8C03B /* GMSelected@2x.png */; };
		2925777A17FF4A31BD6E4AA0 /* PSYBlockTimer.m in Sources */ = {isa = PBXBuildFile; fileRef = 1B50280C67194A6AB33B857E /* PSYBlockTimer.m */; };
		301BF552109A68D80062928A /* libCordova.a in Frameworks */ = {isa = PBXBuildFile; fileRef = 301BF535109A57CC0062928A /* libCordova.a */; settings = {ATTRIBUTES = (Required, ); }; };
		302D95F114D2391D003F00A1 /* MainViewController.m in Sources */ = {isa = PBXBuildFile; fileRef = 302D95EF14D2391D003F00A1 /* MainViewController.m */; };
		302D95F214D2391D003F00A1 /* MainViewController.xib in Resources */ = {isa = PBXBuildFile; fileRef = 302D95F014D2391D003F00A1 /* MainViewController.xib */; };
		33F5E2FA359D48A397335AAD /* AFURLResponseSerialization.m in Sources */ = {isa = PBXBuildFile; fileRef = 6585CBA393574A6299E042E2 /* AFURLResponseSerialization.m */; };
		356A11390C694623BFAB67D5 /* GMGridViewCell.m in Sources */ = {isa = PBXBuildFile; fileRef = B6BE2D9E51764ED8A8ED06C4 /* GMGridViewCell.m */; };
		36B0B0A321A94A7C8483B98E /* BinaryRequestSerializer.m in Sources */ = {isa = PBXBuildFile; fileRef = A03D76346E044B5F91B7EDED /* BinaryRequestSerializer.m */; };
		3A6B46B0CE4E40E1BCEEF71C /* GMGridViewController.m in Sources */ = {isa = PBXBuildFile; fileRef = E1E2DA6DDD61465D9564CA7A /* GMGridViewController.m */; };
		3AE74DA2472C4930BB85EB83 /* AVFoundation.framework in Frameworks */ = {isa = PBXBuildFile; fileRef = ED75C80649804B01B4F95778 /* AVFoundation.framework */; };
		48857504BEBA47E7B8A2A5F2 /* CDVIonicKeyboard.m in Sources */ = {isa = PBXBuildFile; fileRef = C14699D9AC0E4879A48A25E8 /* CDVIonicKeyboard.m */; };
		4929A168404140B69E0CAC20 /* ImageIO.framework in Frameworks */ = {isa = PBXBuildFile; fileRef = 2AB237D717514C748C225F31 /* ImageIO.framework */; settings = {ATTRIBUTES = (Weak, ); }; };
		4A2603670C4C4988AEA94681 /* AFHTTPSessionManager.m in Sources */ = {isa = PBXBuildFile; fileRef = 664D48F9A2894AEEBBCE9516 /* AFHTTPSessionManager.m */; };
		5724C4AC6D7F461FB85CF851 /* CDVInAppBrowserNavigationController.m in Sources */ = {isa = PBXBuildFile; fileRef = 4662C95BBA36423F8ED55E3A /* CDVInAppBrowserNavigationController.m */; };
		575A2225C9834F13AC0AE1A3 /* es.lproj in Resources */ = {isa = PBXBuildFile; fileRef = 4F0BB5B3EFDA41169BFF7F9C /* es.lproj */; };
		5AADBC605FFC404382862CD9 /* zh-Hans.lproj in Resources */ = {isa = PBXBuildFile; fileRef = 1B90C5A3F2DD4AFF994BC7DD /* zh-Hans.lproj */; };
		5F44E50CA061439CBF65E883 /* PreviewAnyFile.swift in Sources */ = {isa = PBXBuildFile; fileRef = 325694732C9C4D07954CA7E9 /* PreviewAnyFile.swift */; };
		5FFC4444C11941988B67AAE5 /* CDVCamera.m in Sources */ = {isa = PBXBuildFile; fileRef = 75FCE183805B408BAEA039F2 /* CDVCamera.m */; };
		604487BCF07B4A5190F47703 /* CDVDevice.m in Sources */ = {isa = PBXBuildFile; fileRef = EE300C075CC143C4ADFFAA7F /* CDVDevice.m */; };
		60BA00542816443988641811 /* GMFetchItem.m in Sources */ = {isa = PBXBuildFile; fileRef = 51B0D761D5634DFFAF81A147 /* GMFetchItem.m */; };
		66CC70508D8E4D769A9540CC /* CDVWKInAppBrowser.m in Sources */ = {isa = PBXBuildFile; fileRef = 53C51514085B4329A994451C /* CDVWKInAppBrowser.m */; };
		6AFF5BF91D6E424B00AB3073 /* CDVLaunchScreen.storyboard in Resources */ = {isa = PBXBuildFile; fileRef = 6AFF5BF81D6E424B00AB3073 /* CDVLaunchScreen.storyboard */; };
		7111D5BEC84847AAA2D1A5E1 /* GMAlbumsViewCell.m in Sources */ = {isa = PBXBuildFile; fileRef = 6DE4928F9F3946D9B96A89C7 /* GMAlbumsViewCell.m */; };
		72662642FD5341039385B945 /* TextResponseSerializer.m in Sources */ = {isa = PBXBuildFile; fileRef = 962B52DE523441DC939C709A /* TextResponseSerializer.m */; };
		77AFD6A36BCE45CFBFC17F46 /* SystemConfiguration.framework in Frameworks */ = {isa = PBXBuildFile; fileRef = 460468551F394CB293DC9121 /* SystemConfiguration.framework */; };
		77C5BDC7E3C9427AB842A41E /* IONAssetHandler.m in Sources */ = {isa = PBXBuildFile; fileRef = BED5372FCC0E4199B65F2D4E /* IONAssetHandler.m */; };
		77D9EBD33CF443DF94F01FDD /* CDVFileTransfer.m in Sources */ = {isa = PBXBuildFile; fileRef = 46321CCDE6B64BD09D430549 /* CDVFileTransfer.m */; };
		77F50AB9DA304A1C9D66233C /* Photos.framework in Frameworks */ = {isa = PBXBuildFile; fileRef = 5893F4E594F74512BCD42D73 /* Photos.framework */; };
		7BDD32A49C2B464B828F05FA /* AFNetworkReachabilityManager.m in Sources */ = {isa = PBXBuildFile; fileRef = 2F0071FFB131456D8BB9BB68 /* AFNetworkReachabilityManager.m */; };
		82DBE38426614885A436428F /* SOSPicker.m in Sources */ = {isa = PBXBuildFile; fileRef = 1F43D886883E4090A3071587 /* SOSPicker.m */; };
		86828D11E2444F948233B596 /* CDVClipboard.m in Sources */ = {isa = PBXBuildFile; fileRef = 6B2A0FD90A5C4BBE80B4EF82 /* CDVClipboard.m */; };
		87C90BCA4C1C4100A4D9F537 /* CDVUIInAppBrowser.m in Sources */ = {isa = PBXBuildFile; fileRef = D40E3D5B9132498696D223C3 /* CDVUIInAppBrowser.m */; };
		88CB196337E94DEE883DAA0F /* pt.lproj in Resources */ = {isa = PBXBuildFile; fileRef = B37CC33764AB40B28360712E /* pt.lproj */; };
		8B3557A4CE8D4C34BCD08F24 /* NativePageTransitions.m in Sources */ = {isa = PBXBuildFile; fileRef = 27C12B64D4E24E4696C9B2A4 /* NativePageTransitions.m */; };
		917C486E9609402EA1E7260D /* CDVWKWebViewEngine.m in Sources */ = {isa = PBXBuildFile; fileRef = C56806230B9C446B982DE38C /* CDVWKWebViewEngine.m */; };
		91C8A1E82BAF41E5815C4DAE /* CDVViewController+SplashScreen.m in Sources */ = {isa = PBXBuildFile; fileRef = 8F535B91B5F14CBDB7DAF6FA /* CDVViewController+SplashScreen.m */; };
		91E2BE9F8030428DACD2F312 /* CDVLocalFilesystem.m in Sources */ = {isa = PBXBuildFile; fileRef = 7C186E1E9D224278A9D530C3 /* CDVLocalFilesystem.m */; };
		94D3428195904D13A897F57E /* GMVideoIcon.png in Resources */ = {isa = PBXBuildFile; fileRef = 3249993794574D7E89040438 /* GMVideoIcon.png */; };
		9588BD34E3894915A0B8DEAA /* CDVSplashScreen.m in Sources */ = {isa = PBXBuildFile; fileRef = 30BFBFBB920C4DB68A5966D7 /* CDVSplashScreen.m */; };
		98CBCF1B36FE4F37B135C5DC /* CDVFile.m in Sources */ = {isa = PBXBuildFile; fileRef = E505D2DDAD2A4287BB89F8A5 /* CDVFile.m */; };
		9C286B5EAA0F42BFB606CF0C /* Security.framework in Frameworks */ = {isa = PBXBuildFile; fileRef = 498C6088ABE1425FA434DCF7 /* Security.framework */; };
		9C8FE18112304802908015FF /* de.lproj in Resources */ = {isa = PBXBuildFile; fileRef = 2C5A4C15F45B4FAC95E58A7D /* de.lproj */; };
		9D55A960C1F442BDBF93921B /* Accelerate.framework in Frameworks */ = {isa = PBXBuildFile; fileRef = 9BE1F66D0830429684268952 /* Accelerate.framework */; };
		A04D0E552D330ACAA717EADC /* libPods-AMO.a in Frameworks */ = {isa = PBXBuildFile; fileRef = 1C76D00DFADBC5A58EEB0573 /* libPods-AMO.a */; };
		A33DE1C1B7124A658143F0CE /* CDVInAppBrowserOptions.m in Sources */ = {isa = PBXBuildFile; fileRef = A2B3E6FDD5774A4DB2CF6EE0 /* CDVInAppBrowserOptions.m */; };
		B4AC4B9174BA4BEAAA0BA3FC /* AFSecurityPolicy.m in Sources */ = {isa = PBXBuildFile; fileRef = 93D0085F2FC644EABAD785A6 /* AFSecurityPolicy.m */; };
		B72A9CE42F3D495C8D4C8430 /* CDVJpegHeaderWriter.m in Sources */ = {isa = PBXBuildFile; fileRef = D18B94CDEF48478CA4CD4454 /* CDVJpegHeaderWriter.m */; };
		B90080382E9D480BB3ED589E /* UIImage+fixOrientation.m in Sources */ = {isa = PBXBuildFile; fileRef = 421C6696FC1844C29452D348 /* UIImage+fixOrientation.m */; };
		BBAF9B7C79C3479B8CC1C2B0 /* fr.lproj in Resources */ = {isa = PBXBuildFile; fileRef = 154D1758C48F42E89DE29FDF /* fr.lproj */; };
		BE0EBA194C2D4B3C93F9CD3F /* GMAlbumsViewController.m in Sources */ = {isa = PBXBuildFile; fileRef = D5FB7B9CFEF342B09C2DE314 /* GMAlbumsViewController.m */; };
		BEA645A54BAC4742AEE7D8A9 /* pl.lproj in Resources */ = {isa = PBXBuildFile; fileRef = 49A036D9094143C9BED62E7D /* pl.lproj */; };
		C2475ED180A745F48A67BF27 /* CDVWKInAppBrowserUIDelegate.m in Sources */ = {isa = PBXBuildFile; fileRef = BC10F45B101D4016A6CA93CF /* CDVWKInAppBrowserUIDelegate.m */; };
		C315F9A11C7746C3BA9FDBD9 /* UIImage+CropScaleOrientation.m in Sources */ = {isa = PBXBuildFile; fileRef = E2E21595A21C4B12A18ECE51 /* UIImage+CropScaleOrientation.m */; };
		C736F50E4F624761940C7D55 /* CordovaHttpPlugin.m in Sources */ = {isa = PBXBuildFile; fileRef = 79BB47628B854C6194F6C55B /* CordovaHttpPlugin.m */; };
		CE724D48306A42B78955F7E4 /* AppDelegate+nativepagetransitions.m in Sources */ = {isa = PBXBuildFile; fileRef = 909741FA134D41E0B2C5B725 /* AppDelegate+nativepagetransitions.m */; };
		D610A34AB3A84623A92B8916 /* QuartzCore.framework in Frameworks */ = {isa = PBXBuildFile; fileRef = 69D127AAA1434790A5335178 /* QuartzCore.framework */; };
		DBDE0CEAFFA844028B1FB255 /* CoreLocation.framework in Frameworks */ = {isa = PBXBuildFile; fileRef = 67C4C6F03237481797007A96 /* CoreLocation.framework */; };
		DEFCB97983914B5AA33054BC /* OneSignalPush.m in Sources */ = {isa = PBXBuildFile; fileRef = B40BE92C433C4B9BB2A4A740 /* OneSignalPush.m */; };
		E1DE60E8B076461CBA93E678 /* SDNetworkActivityIndicator.m in Sources */ = {isa = PBXBuildFile; fileRef = E26959BF3811478B8E9F2F70 /* SDNetworkActivityIndicator.m */; };
		E41E0E3E916149D299846E60 /* AFURLSessionManager.m in Sources */ = {isa = PBXBuildFile; fileRef = 19B4BFBF42D347A6B6AD0CBB /* AFURLSessionManager.m */; };
		EE5EB014141E4F959160EEF0 /* CDVWKProcessPoolFactory.m in Sources */ = {isa = PBXBuildFile; fileRef = EB285AA052E54B02879E3E91 /* CDVWKProcessPoolFactory.m */; };
		EEACDBD8473144469AE5E34D /* ca.lproj in Resources */ = {isa = PBXBuildFile; fileRef = F2466FD92A634EE5B3B629E9 /* ca.lproj */; };
		F46353FE7CC346D2A0C264EC /* CDVAssetLibraryFilesystem.m in Sources */ = {isa = PBXBuildFile; fileRef = 0415E795BE6444FA9788DBC8 /* CDVAssetLibraryFilesystem.m */; };
		F5A415ADCD7B4449926D5038 /* CDVStatusBar.m in Sources */ = {isa = PBXBuildFile; fileRef = 3EC82B074BDE49F0AA9092E4 /* CDVStatusBar.m */; };
		F76C6CCCC35044A1A4017477 /* AFURLRequestSerialization.m in Sources */ = {isa = PBXBuildFile; fileRef = 7E294C17546E4302BA2238D0 /* AFURLRequestSerialization.m */; };
		FA27274FE8934133B7B67B3E /* GMVideoIcon@2x.png in Resources */ = {isa = PBXBuildFile; fileRef = 6D2207C0021C4A10A717DCF9 /* GMVideoIcon@2x.png */; };
		FA2AA90C9B5E42758C075CB2 /* BinaryResponseSerializer.m in Sources */ = {isa = PBXBuildFile; fileRef = DC8E28B630C44E58A34BA46F /* BinaryResponseSerializer.m */; };
		FED69174BC824A3BA3AAF499 /* WebKit.framework in Frameworks */ = {isa = PBXBuildFile; fileRef = 2DCD6FDBFD484BEDB49B3D6E /* WebKit.framework */; settings = {ATTRIBUTES = (Weak, ); }; };
		FF51876963F54CC78014BB39 /* en.lproj in Resources */ = {isa = PBXBuildFile; fileRef = 047D0E4458374CEE8587063A /* en.lproj */; };
		FFFD27CD01974C3BA4BED65B /* CDVInAppBrowser.m in Sources */ = {isa = PBXBuildFile; fileRef = 6252F67A82224BE3A7FC9420 /* CDVInAppBrowser.m */; };
/* End PBXBuildFile section */

/* Begin PBXContainerItemProxy section */
		0C7C04A325448EE300EAE28F /* PBXContainerItemProxy */ = {
			isa = PBXContainerItemProxy;
			containerPortal = 29B97313FDCFA39411CA2CEA /* Project object */;
			proxyType = 1;
			remoteGlobalIDString = 0C7C049C25448EE200EAE28F;
			remoteInfo = OneSignalNotificationServiceExtension;
		};
		301BF534109A57CC0062928A /* PBXContainerItemProxy */ = {
			isa = PBXContainerItemProxy;
			containerPortal = 301BF52D109A57CC0062928A /* CordovaLib.xcodeproj */;
			proxyType = 2;
			remoteGlobalIDString = D2AAC07E0554694100DB518D;
			remoteInfo = CordovaLib;
		};
		301BF550109A68C00062928A /* PBXContainerItemProxy */ = {
			isa = PBXContainerItemProxy;
			containerPortal = 301BF52D109A57CC0062928A /* CordovaLib.xcodeproj */;
			proxyType = 1;
			remoteGlobalIDString = D2AAC07D0554694100DB518D;
			remoteInfo = CordovaLib;
		};
		907D8123214C687600058A10 /* PBXContainerItemProxy */ = {
			isa = PBXContainerItemProxy;
			containerPortal = 301BF52D109A57CC0062928A /* CordovaLib.xcodeproj */;
			proxyType = 2;
			remoteGlobalIDString = C0C01EB21E3911D50056E6CB;
			remoteInfo = Cordova;
		};
/* End PBXContainerItemProxy section */

/* Begin PBXCopyFilesBuildPhase section */
		0C7C04A625448EE300EAE28F /* Embed App Extensions */ = {
			isa = PBXCopyFilesBuildPhase;
			buildActionMask = 2147483647;
			dstPath = "";
			dstSubfolderSpec = 13;
			files = (
				0C7C04A525448EE300EAE28F /* OneSignalNotificationServiceExtension.appex in Embed App Extensions */,
			);
			name = "Embed App Extensions";
			runOnlyForDeploymentPostprocessing = 0;
		};
/* End PBXCopyFilesBuildPhase section */

/* Begin PBXFileReference section */
		0207DA571B56EA530066E2B4 /* Images.xcassets */ = {isa = PBXFileReference; lastKnownFileType = folder.assetcatalog; name = Images.xcassets; path = AMO/Images.xcassets; sourceTree = SOURCE_ROOT; };
		0415E795BE6444FA9788DBC8 /* CDVAssetLibraryFilesystem.m */ = {isa = PBXFileReference; explicitFileType = undefined; fileEncoding = 4; includeInIndex = 0; lastKnownFileType = sourcecode.c.objc; name = CDVAssetLibraryFilesystem.m; path = "cordova-plugin-file/CDVAssetLibraryFilesystem.m"; sourceTree = "<group>"; };
		047D0E4458374CEE8587063A /* en.lproj */ = {isa = PBXFileReference; explicitFileType = undefined; fileEncoding = 9; includeInIndex = 0; lastKnownFileType = unknown; path = en.lproj; sourceTree = "<group>"; };
		0A37D9F8911D4D6B9C5F5534 /* AFNetworkReachabilityManager.h */ = {isa = PBXFileReference; explicitFileType = undefined; fileEncoding = 4; includeInIndex = 0; lastKnownFileType = sourcecode.c.h; name = AFNetworkReachabilityManager.h; path = "cordova-plugin-advanced-http/AFNetworkReachabilityManager.h"; sourceTree = "<group>"; };
		0C7C049D25448EE200EAE28F /* OneSignalNotificationServiceExtension.appex */ = {isa = PBXFileReference; explicitFileType = "wrapper.app-extension"; includeInIndex = 0; path = OneSignalNotificationServiceExtension.appex; sourceTree = BUILT_PRODUCTS_DIR; };
		0C7C049F25448EE300EAE28F /* NotificationService.h */ = {isa = PBXFileReference; lastKnownFileType = sourcecode.c.h; path = NotificationService.h; sourceTree = "<group>"; };
		0C7C04A025448EE300EAE28F /* NotificationService.m */ = {isa = PBXFileReference; lastKnownFileType = sourcecode.c.objc; path = NotificationService.m; sourceTree = "<group>"; };
		0C7C04A225448EE300EAE28F /* Info.plist */ = {isa = PBXFileReference; lastKnownFileType = text.plist.xml; path = Info.plist; sourceTree = "<group>"; };
		0C7C04B72544908700EAE28F /* CoreGraphics.framework */ = {isa = PBXFileReference; lastKnownFileType = wrapper.framework; name = CoreGraphics.framework; path = System/Library/Frameworks/CoreGraphics.framework; sourceTree = SDKROOT; };
		0C7C04B92544908D00EAE28F /* UIKit.framework */ = {isa = PBXFileReference; lastKnownFileType = wrapper.framework; name = UIKit.framework; path = System/Library/Frameworks/UIKit.framework; sourceTree = SDKROOT; };
		0C7C04BC254490AC00EAE28F /* OneSignal.framework */ = {isa = PBXFileReference; lastKnownFileType = wrapper.framework; name = OneSignal.framework; path = Pods/OneSignal/iOS_SDK/OneSignalSDK/Framework/OneSignal.framework; sourceTree = "<group>"; };
		154D1758C48F42E89DE29FDF /* fr.lproj */ = {isa = PBXFileReference; explicitFileType = undefined; fileEncoding = 9; includeInIndex = 0; lastKnownFileType = unknown; path = fr.lproj; sourceTree = "<group>"; };
		161E805D7F934F81A5419BC7 /* AFURLRequestSerialization.h */ = {isa = PBXFileReference; explicitFileType = undefined; fileEncoding = 4; includeInIndex = 0; lastKnownFileType = sourcecode.c.h; name = AFURLRequestSerialization.h; path = "cordova-plugin-advanced-http/AFURLRequestSerialization.h"; sourceTree = "<group>"; };
		19892641F6A33547706D191C /* Pods-AMO.release.xcconfig */ = {isa = PBXFileReference; includeInIndex = 1; lastKnownFileType = text.xcconfig; name = "Pods-AMO.release.xcconfig"; path = "Target Support Files/Pods-AMO/Pods-AMO.release.xcconfig"; sourceTree = "<group>"; };
		19B4BFBF42D347A6B6AD0CBB /* AFURLSessionManager.m */ = {isa = PBXFileReference; explicitFileType = undefined; fileEncoding = 4; includeInIndex = 0; lastKnownFileType = sourcecode.c.objc; name = AFURLSessionManager.m; path = "cordova-plugin-advanced-http/AFURLSessionManager.m"; sourceTree = "<group>"; };
		19D6A8EB2F024CFF87820C73 /* GMImagePickerController.m */ = {isa = PBXFileReference; explicitFileType = undefined; fileEncoding = 4; includeInIndex = 0; lastKnownFileType = sourcecode.c.objc; name = GMImagePickerController.m; path = "cordova-plugin-telerik-imagepicker/GMImagePickerController.m"; sourceTree = "<group>"; };
		1B3B690EBE0B45B192ACBBB9 /* GMAlbumsViewCell.h */ = {isa = PBXFileReference; explicitFileType = undefined; fileEncoding = 4; includeInIndex = 0; lastKnownFileType = sourcecode.c.h; name = GMAlbumsViewCell.h; path = "cordova-plugin-telerik-imagepicker/GMAlbumsViewCell.h"; sourceTree = "<group>"; };
		1B50280C67194A6AB33B857E /* PSYBlockTimer.m */ = {isa = PBXFileReference; explicitFileType = undefined; fileEncoding = 4; includeInIndex = 0; lastKnownFileType = sourcecode.c.objc; name = PSYBlockTimer.m; path = "cordova-plugin-telerik-imagepicker/PSYBlockTimer.m"; sourceTree = "<group>"; };
		1B90C5A3F2DD4AFF994BC7DD /* zh-Hans.lproj */ = {isa = PBXFileReference; explicitFileType = undefined; fileEncoding = 9; includeInIndex = 0; lastKnownFileType = unknown; path = "zh-Hans.lproj"; sourceTree = "<group>"; };
		1C76D00DFADBC5A58EEB0573 /* libPods-AMO.a */ = {isa = PBXFileReference; explicitFileType = archive.ar; includeInIndex = 0; path = "libPods-AMO.a"; sourceTree = BUILT_PRODUCTS_DIR; };
		1D3623240D0F684500981E51 /* AppDelegate.h */ = {isa = PBXFileReference; fileEncoding = 4; lastKnownFileType = sourcecode.c.h; path = AppDelegate.h; sourceTree = "<group>"; };
		1D3623250D0F684500981E51 /* AppDelegate.m */ = {isa = PBXFileReference; fileEncoding = 4; lastKnownFileType = sourcecode.c.objc; path = AppDelegate.m; sourceTree = "<group>"; };
		1D6058910D05DD3D006BFB54 /* AMO.app */ = {isa = PBXFileReference; explicitFileType = wrapper.application; includeInIndex = 0; path = AMO.app; sourceTree = BUILT_PRODUCTS_DIR; };
		1F43D886883E4090A3071587 /* SOSPicker.m */ = {isa = PBXFileReference; explicitFileType = undefined; fileEncoding = 4; includeInIndex = 0; lastKnownFileType = sourcecode.c.objc; name = SOSPicker.m; path = "cordova-plugin-telerik-imagepicker/SOSPicker.m"; sourceTree = "<group>"; };
		1FA5C0494DC24954A9459F7C /* CDVWKWebViewEngine.h */ = {isa = PBXFileReference; explicitFileType = undefined; fileEncoding = 4; includeInIndex = 0; lastKnownFileType = sourcecode.c.h; name = CDVWKWebViewEngine.h; path = "cordova-plugin-ionic-webview/CDVWKWebViewEngine.h"; sourceTree = "<group>"; };
		225249FC27B9410B99C5327C /* GMPHAsset.m */ = {isa = PBXFileReference; explicitFileType = undefined; fileEncoding = 4; includeInIndex = 0; lastKnownFileType = sourcecode.c.objc; name = GMPHAsset.m; path = "cordova-plugin-telerik-imagepicker/GMPHAsset.m"; sourceTree = "<group>"; };
		260BA7D86D7A4D56AF2CA512 /* CDVWKInAppBrowserUIDelegate.h */ = {isa = PBXFileReference; explicitFileType = undefined; fileEncoding = 4; includeInIndex = 0; lastKnownFileType = sourcecode.c.h; name = CDVWKInAppBrowserUIDelegate.h; path = "cordova-plugin-inappbrowser/CDVWKInAppBrowserUIDelegate.h"; sourceTree = "<group>"; };
		27C12B64D4E24E4696C9B2A4 /* NativePageTransitions.m */ = {isa = PBXFileReference; explicitFileType = undefined; fileEncoding = 4; includeInIndex = 0; lastKnownFileType = sourcecode.c.objc; name = NativePageTransitions.m; path = com.telerik.plugins.nativepagetransitions/NativePageTransitions.m; sourceTree = "<group>"; };
		29AE03FDD24C4EA8A054C6E8 /* CDVInAppBrowserOptions.h */ = {isa = PBXFileReference; explicitFileType = undefined; fileEncoding = 4; includeInIndex = 0; lastKnownFileType = sourcecode.c.h; name = CDVInAppBrowserOptions.h; path = "cordova-plugin-inappbrowser/CDVInAppBrowserOptions.h"; sourceTree = "<group>"; };
		29B97316FDCFA39411CA2CEA /* main.m */ = {isa = PBXFileReference; fileEncoding = 4; lastKnownFileType = sourcecode.c.objc; path = main.m; sourceTree = "<group>"; };
		2AB237D717514C748C225F31 /* ImageIO.framework */ = {isa = PBXFileReference; explicitFileType = undefined; fileEncoding = 9; includeInIndex = 0; lastKnownFileType = wrapper.framework; name = ImageIO.framework; path = System/Library/Frameworks/ImageIO.framework; sourceTree = SDKROOT; };
		2C5A4C15F45B4FAC95E58A7D /* de.lproj */ = {isa = PBXFileReference; explicitFileType = undefined; fileEncoding = 9; includeInIndex = 0; lastKnownFileType = unknown; path = de.lproj; sourceTree = "<group>"; };
		2DCD6FDBFD484BEDB49B3D6E /* WebKit.framework */ = {isa = PBXFileReference; explicitFileType = undefined; fileEncoding = 9; includeInIndex = 0; lastKnownFileType = wrapper.framework; name = WebKit.framework; path = System/Library/Frameworks/WebKit.framework; sourceTree = SDKROOT; };
		2F0071FFB131456D8BB9BB68 /* AFNetworkReachabilityManager.m */ = {isa = PBXFileReference; explicitFileType = undefined; fileEncoding = 4; includeInIndex = 0; lastKnownFileType = sourcecode.c.objc; name = AFNetworkReachabilityManager.m; path = "cordova-plugin-advanced-http/AFNetworkReachabilityManager.m"; sourceTree = "<group>"; };
		301BF52D109A57CC0062928A /* CordovaLib.xcodeproj */ = {isa = PBXFileReference; lastKnownFileType = "wrapper.pb-project"; name = CordovaLib.xcodeproj; path = CordovaLib/CordovaLib.xcodeproj; sourceTree = "<group>"; };
		301BF56E109A69640062928A /* www */ = {isa = PBXFileReference; lastKnownFileType = folder; path = www; sourceTree = SOURCE_ROOT; };
		302D95EE14D2391D003F00A1 /* MainViewController.h */ = {isa = PBXFileReference; fileEncoding = 4; lastKnownFileType = sourcecode.c.h; path = MainViewController.h; sourceTree = "<group>"; };
		302D95EF14D2391D003F00A1 /* MainViewController.m */ = {isa = PBXFileReference; fileEncoding = 4; lastKnownFileType = sourcecode.c.objc; path = MainViewController.m; sourceTree = "<group>"; };
		302D95F014D2391D003F00A1 /* MainViewController.xib */ = {isa = PBXFileReference; fileEncoding = 4; lastKnownFileType = file.xib; path = MainViewController.xib; sourceTree = "<group>"; };
		3047A50F1AB8059700498E2A /* build-debug.xcconfig */ = {isa = PBXFileReference; fileEncoding = 4; lastKnownFileType = text.xcconfig; name = "build-debug.xcconfig"; path = "cordova/build-debug.xcconfig"; sourceTree = SOURCE_ROOT; };
		3047A5101AB8059700498E2A /* build-release.xcconfig */ = {isa = PBXFileReference; fileEncoding = 4; lastKnownFileType = text.xcconfig; name = "build-release.xcconfig"; path = "cordova/build-release.xcconfig"; sourceTree = SOURCE_ROOT; };
		3047A5111AB8059700498E2A /* build.xcconfig */ = {isa = PBXFileReference; fileEncoding = 4; lastKnownFileType = text.xcconfig; name = build.xcconfig; path = cordova/build.xcconfig; sourceTree = SOURCE_ROOT; };
		30BFBFBB920C4DB68A5966D7 /* CDVSplashScreen.m */ = {isa = PBXFileReference; explicitFileType = undefined; fileEncoding = 4; includeInIndex = 0; lastKnownFileType = sourcecode.c.objc; name = CDVSplashScreen.m; path = "cordova-plugin-splashscreen/CDVSplashScreen.m"; sourceTree = "<group>"; };
		3249993794574D7E89040438 /* GMVideoIcon.png */ = {isa = PBXFileReference; explicitFileType = undefined; fileEncoding = 9; includeInIndex = 0; lastKnownFileType = unknown; path = GMVideoIcon.png; sourceTree = "<group>"; };
		325694732C9C4D07954CA7E9 /* PreviewAnyFile.swift */ = {isa = PBXFileReference; explicitFileType = undefined; fileEncoding = 4; includeInIndex = 0; lastKnownFileType = sourcecode.swift; name = PreviewAnyFile.swift; path = "cordova-plugin-preview-any-file/PreviewAnyFile.swift"; sourceTree = "<group>"; };
		32CA4F630368D1EE00C91783 /* AMO-Prefix.pch */ = {isa = PBXFileReference; fileEncoding = 4; lastKnownFileType = sourcecode.c.h; path = "AMO-Prefix.pch"; sourceTree = "<group>"; };
		372F1EA2AB10435FB597C8BA /* CDVLocalFilesystem.h */ = {isa = PBXFileReference; explicitFileType = undefined; fileEncoding = 4; includeInIndex = 0; lastKnownFileType = sourcecode.c.h; name = CDVLocalFilesystem.h; path = "cordova-plugin-file/CDVLocalFilesystem.h"; sourceTree = "<group>"; };
		38127F3AAE984C4F8A6CBB4D /* CDVClipboard.h */ = {isa = PBXFileReference; explicitFileType = undefined; fileEncoding = 4; includeInIndex = 0; lastKnownFileType = sourcecode.c.h; name = CDVClipboard.h; path = "cordova-clipboard/CDVClipboard.h"; sourceTree = "<group>"; };
		38C845DBA8894F3799DAE9FC /* IONAssetHandler.h */ = {isa = PBXFileReference; explicitFileType = undefined; fileEncoding = 4; includeInIndex = 0; lastKnownFileType = sourcecode.c.h; name = IONAssetHandler.h; path = "cordova-plugin-ionic-webview/IONAssetHandler.h"; sourceTree = "<group>"; };
		3AC00B96DE7E4DDC9400263B /* GMGridViewController.h */ = {isa = PBXFileReference; explicitFileType = undefined; fileEncoding = 4; includeInIndex = 0; lastKnownFileType = sourcecode.c.h; name = GMGridViewController.h; path = "cordova-plugin-telerik-imagepicker/GMGridViewController.h"; sourceTree = "<group>"; };
		3D13A04ED95A47B8A4255AA2 /* UIImage+CropScaleOrientation.h */ = {isa = PBXFileReference; explicitFileType = undefined; fileEncoding = 4; includeInIndex = 0; lastKnownFileType = sourcecode.c.h; name = "UIImage+CropScaleOrientation.h"; path = "cordova-plugin-camera/UIImage+CropScaleOrientation.h"; sourceTree = "<group>"; };
		3EC82B074BDE49F0AA9092E4 /* CDVStatusBar.m */ = {isa = PBXFileReference; explicitFileType = undefined; fileEncoding = 4; includeInIndex = 0; lastKnownFileType = sourcecode.c.objc; name = CDVStatusBar.m; path = "cordova-plugin-statusbar/CDVStatusBar.m"; sourceTree = "<group>"; };
		40485AE7FFD94C39A614031C /* CDVWKWebViewUIDelegate.m */ = {isa = PBXFileReference; explicitFileType = undefined; fileEncoding = 4; includeInIndex = 0; lastKnownFileType = sourcecode.c.objc; name = CDVWKWebViewUIDelegate.m; path = "cordova-plugin-ionic-webview/CDVWKWebViewUIDelegate.m"; sourceTree = "<group>"; };
		421C6696FC1844C29452D348 /* UIImage+fixOrientation.m */ = {isa = PBXFileReference; explicitFileType = undefined; fileEncoding = 4; includeInIndex = 0; lastKnownFileType = sourcecode.c.objc; name = "UIImage+fixOrientation.m"; path = "cordova-plugin-telerik-imagepicker/UIImage+fixOrientation.m"; sourceTree = "<group>"; };
		4280DF830CE244BC91AE94DA /* AFURLSessionManager.h */ = {isa = PBXFileReference; explicitFileType = undefined; fileEncoding = 4; includeInIndex = 0; lastKnownFileType = sourcecode.c.h; name = AFURLSessionManager.h; path = "cordova-plugin-advanced-http/AFURLSessionManager.h"; sourceTree = "<group>"; };
		444EAAAA4D25497C952C4687 /* CDVIonicKeyboard.h */ = {isa = PBXFileReference; explicitFileType = undefined; fileEncoding = 4; includeInIndex = 0; lastKnownFileType = sourcecode.c.h; name = CDVIonicKeyboard.h; path = "cordova-plugin-ionic-keyboard/CDVIonicKeyboard.h"; sourceTree = "<group>"; };
		460468551F394CB293DC9121 /* SystemConfiguration.framework */ = {isa = PBXFileReference; explicitFileType = undefined; fileEncoding = 9; includeInIndex = 0; lastKnownFileType = wrapper.framework; name = SystemConfiguration.framework; path = System/Library/Frameworks/SystemConfiguration.framework; sourceTree = SDKROOT; };
		46321CCDE6B64BD09D430549 /* CDVFileTransfer.m */ = {isa = PBXFileReference; explicitFileType = undefined; fileEncoding = 4; includeInIndex = 0; lastKnownFileType = sourcecode.c.objc; name = CDVFileTransfer.m; path = "cordova-plugin-file-transfer/CDVFileTransfer.m"; sourceTree = "<group>"; };
		4662C95BBA36423F8ED55E3A /* CDVInAppBrowserNavigationController.m */ = {isa = PBXFileReference; explicitFileType = undefined; fileEncoding = 4; includeInIndex = 0; lastKnownFileType = sourcecode.c.objc; name = CDVInAppBrowserNavigationController.m; path = "cordova-plugin-inappbrowser/CDVInAppBrowserNavigationController.m"; sourceTree = "<group>"; };
		470FDC021C3D42AFAC50D765 /* BinaryResponseSerializer.h */ = {isa = PBXFileReference; explicitFileType = undefined; fileEncoding = 4; includeInIndex = 0; lastKnownFileType = sourcecode.c.h; name = BinaryResponseSerializer.h; path = "cordova-plugin-advanced-http/BinaryResponseSerializer.h"; sourceTree = "<group>"; };
		498C6088ABE1425FA434DCF7 /* Security.framework */ = {isa = PBXFileReference; explicitFileType = undefined; fileEncoding = 9; includeInIndex = 0; lastKnownFileType = wrapper.framework; name = Security.framework; path = System/Library/Frameworks/Security.framework; sourceTree = SDKROOT; };
		49A036D9094143C9BED62E7D /* pl.lproj */ = {isa = PBXFileReference; explicitFileType = undefined; fileEncoding = 9; includeInIndex = 0; lastKnownFileType = unknown; path = pl.lproj; sourceTree = "<group>"; };
		4C47D3D249DE4952ACC3CEB0 /* NativePageTransitions.h */ = {isa = PBXFileReference; explicitFileType = undefined; fileEncoding = 4; includeInIndex = 0; lastKnownFileType = sourcecode.c.h; name = NativePageTransitions.h; path = com.telerik.plugins.nativepagetransitions/NativePageTransitions.h; sourceTree = "<group>"; };
		4CB11D41D6B545BCBC3EDB1B /* CDVJpegHeaderWriter.h */ = {isa = PBXFileReference; explicitFileType = undefined; fileEncoding = 4; includeInIndex = 0; lastKnownFileType = sourcecode.c.h; name = CDVJpegHeaderWriter.h; path = "cordova-plugin-camera/CDVJpegHeaderWriter.h"; sourceTree = "<group>"; };
		4D3C7CFAE2EE4DB996713604 /* CDVAssetLibraryFilesystem.h */ = {isa = PBXFileReference; explicitFileType = undefined; fileEncoding = 4; includeInIndex = 0; lastKnownFileType = sourcecode.c.h; name = CDVAssetLibraryFilesystem.h; path = "cordova-plugin-file/CDVAssetLibraryFilesystem.h"; sourceTree = "<group>"; };
		4F0BB5B3EFDA41169BFF7F9C /* es.lproj */ = {isa = PBXFileReference; explicitFileType = undefined; fileEncoding = 9; includeInIndex = 0; lastKnownFileType = unknown; path = es.lproj; sourceTree = "<group>"; };
		516CD92BFF7D46E28FCB8350 /* GMFetchItem.h */ = {isa = PBXFileReference; explicitFileType = undefined; fileEncoding = 4; includeInIndex = 0; lastKnownFileType = sourcecode.c.h; name = GMFetchItem.h; path = "cordova-plugin-telerik-imagepicker/GMFetchItem.h"; sourceTree = "<group>"; };
		51B0D761D5634DFFAF81A147 /* GMFetchItem.m */ = {isa = PBXFileReference; explicitFileType = undefined; fileEncoding = 4; includeInIndex = 0; lastKnownFileType = sourcecode.c.objc; name = GMFetchItem.m; path = "cordova-plugin-telerik-imagepicker/GMFetchItem.m"; sourceTree = "<group>"; };
		53C51514085B4329A994451C /* CDVWKInAppBrowser.m */ = {isa = PBXFileReference; explicitFileType = undefined; fileEncoding = 4; includeInIndex = 0; lastKnownFileType = sourcecode.c.objc; name = CDVWKInAppBrowser.m; path = "cordova-plugin-inappbrowser/CDVWKInAppBrowser.m"; sourceTree = "<group>"; };
		5893F4E594F74512BCD42D73 /* Photos.framework */ = {isa = PBXFileReference; explicitFileType = undefined; fileEncoding = 9; includeInIndex = 0; lastKnownFileType = wrapper.framework; name = Photos.framework; path = System/Library/Frameworks/Photos.framework; sourceTree = SDKROOT; };
		60E08F0CC93E472EAA8CFE7C /* CDVInAppBrowser.h */ = {isa = PBXFileReference; explicitFileType = undefined; fileEncoding = 4; includeInIndex = 0; lastKnownFileType = sourcecode.c.h; name = CDVInAppBrowser.h; path = "cordova-plugin-inappbrowser/CDVInAppBrowser.h"; sourceTree = "<group>"; };
		6252F67A82224BE3A7FC9420 /* CDVInAppBrowser.m */ = {isa = PBXFileReference; explicitFileType = undefined; fileEncoding = 4; includeInIndex = 0; lastKnownFileType = sourcecode.c.objc; name = CDVInAppBrowser.m; path = "cordova-plugin-inappbrowser/CDVInAppBrowser.m"; sourceTree = "<group>"; };
		62536679F925490988678363 /* CordovaHttpPlugin.h */ = {isa = PBXFileReference; explicitFileType = undefined; fileEncoding = 4; includeInIndex = 0; lastKnownFileType = sourcecode.c.h; name = CordovaHttpPlugin.h; path = "cordova-plugin-advanced-http/CordovaHttpPlugin.h"; sourceTree = "<group>"; };
		625ED05717A3439F9116C6C6 /* GMSelected.png */ = {isa = PBXFileReference; explicitFileType = undefined; fileEncoding = 9; includeInIndex = 0; lastKnownFileType = unknown; path = GMSelected.png; sourceTree = "<group>"; };
		642C65ABD995462798C92D5B /* CDVWKProcessPoolFactory.h */ = {isa = PBXFileReference; explicitFileType = undefined; fileEncoding = 4; includeInIndex = 0; lastKnownFileType = sourcecode.c.h; name = CDVWKProcessPoolFactory.h; path = "cordova-plugin-ionic-webview/CDVWKProcessPoolFactory.h"; sourceTree = "<group>"; };
		6585CBA393574A6299E042E2 /* AFURLResponseSerialization.m */ = {isa = PBXFileReference; explicitFileType = undefined; fileEncoding = 4; includeInIndex = 0; lastKnownFileType = sourcecode.c.objc; name = AFURLResponseSerialization.m; path = "cordova-plugin-advanced-http/AFURLResponseSerialization.m"; sourceTree = "<group>"; };
		664D48F9A2894AEEBBCE9516 /* AFHTTPSessionManager.m */ = {isa = PBXFileReference; explicitFileType = undefined; fileEncoding = 4; includeInIndex = 0; lastKnownFileType = sourcecode.c.objc; name = AFHTTPSessionManager.m; path = "cordova-plugin-advanced-http/AFHTTPSessionManager.m"; sourceTree = "<group>"; };
		67C4C6F03237481797007A96 /* CoreLocation.framework */ = {isa = PBXFileReference; explicitFileType = undefined; fileEncoding = 9; includeInIndex = 0; lastKnownFileType = wrapper.framework; name = CoreLocation.framework; path = System/Library/Frameworks/CoreLocation.framework; sourceTree = SDKROOT; };
		69D127AAA1434790A5335178 /* QuartzCore.framework */ = {isa = PBXFileReference; explicitFileType = undefined; fileEncoding = 9; includeInIndex = 0; lastKnownFileType = wrapper.framework; name = QuartzCore.framework; path = System/Library/Frameworks/QuartzCore.framework; sourceTree = SDKROOT; };
		6AFF5BF81D6E424B00AB3073 /* CDVLaunchScreen.storyboard */ = {isa = PBXFileReference; fileEncoding = 4; lastKnownFileType = file.storyboard; name = CDVLaunchScreen.storyboard; path = AMO/CDVLaunchScreen.storyboard; sourceTree = SOURCE_ROOT; };
		6B2A0FD90A5C4BBE80B4EF82 /* CDVClipboard.m */ = {isa = PBXFileReference; explicitFileType = undefined; fileEncoding = 4; includeInIndex = 0; lastKnownFileType = sourcecode.c.objc; name = CDVClipboard.m; path = "cordova-clipboard/CDVClipboard.m"; sourceTree = "<group>"; };
		6D2207C0021C4A10A717DCF9 /* GMVideoIcon@2x.png */ = {isa = PBXFileReference; explicitFileType = undefined; fileEncoding = 9; includeInIndex = 0; lastKnownFileType = unknown; path = "GMVideoIcon@2x.png"; sourceTree = "<group>"; };
		6DE4928F9F3946D9B96A89C7 /* GMAlbumsViewCell.m */ = {isa = PBXFileReference; explicitFileType = undefined; fileEncoding = 4; includeInIndex = 0; lastKnownFileType = sourcecode.c.objc; name = GMAlbumsViewCell.m; path = "cordova-plugin-telerik-imagepicker/GMAlbumsViewCell.m"; sourceTree = "<group>"; };
		6F86A52BFE854A90AECF8867 /* UIImage+fixOrientation.h */ = {isa = PBXFileReference; explicitFileType = undefined; fileEncoding = 4; includeInIndex = 0; lastKnownFileType = sourcecode.c.h; name = "UIImage+fixOrientation.h"; path = "cordova-plugin-telerik-imagepicker/UIImage+fixOrientation.h"; sourceTree = "<group>"; };
		707EEB9835F2492D9A052455 /* CDVSplashScreen.h */ = {isa = PBXFileReference; explicitFileType = undefined; fileEncoding = 4; includeInIndex = 0; lastKnownFileType = sourcecode.c.h; name = CDVSplashScreen.h; path = "cordova-plugin-splashscreen/CDVSplashScreen.h"; sourceTree = "<group>"; };
		75FCE183805B408BAEA039F2 /* CDVCamera.m */ = {isa = PBXFileReference; explicitFileType = undefined; fileEncoding = 4; includeInIndex = 0; lastKnownFileType = sourcecode.c.objc; name = CDVCamera.m; path = "cordova-plugin-camera/CDVCamera.m"; sourceTree = "<group>"; };
		79BB47628B854C6194F6C55B /* CordovaHttpPlugin.m */ = {isa = PBXFileReference; explicitFileType = undefined; fileEncoding = 4; includeInIndex = 0; lastKnownFileType = sourcecode.c.objc; name = CordovaHttpPlugin.m; path = "cordova-plugin-advanced-http/CordovaHttpPlugin.m"; sourceTree = "<group>"; };
		7C186E1E9D224278A9D530C3 /* CDVLocalFilesystem.m */ = {isa = PBXFileReference; explicitFileType = undefined; fileEncoding = 4; includeInIndex = 0; lastKnownFileType = sourcecode.c.objc; name = CDVLocalFilesystem.m; path = "cordova-plugin-file/CDVLocalFilesystem.m"; sourceTree = "<group>"; };
		7D5B4AD9CD5942DDA8796BE2 /* BinaryRequestSerializer.h */ = {isa = PBXFileReference; explicitFileType = undefined; fileEncoding = 4; includeInIndex = 0; lastKnownFileType = sourcecode.c.h; name = BinaryRequestSerializer.h; path = "cordova-plugin-advanced-http/BinaryRequestSerializer.h"; sourceTree = "<group>"; };
		7E294C17546E4302BA2238D0 /* AFURLRequestSerialization.m */ = {isa = PBXFileReference; explicitFileType = undefined; fileEncoding = 4; includeInIndex = 0; lastKnownFileType = sourcecode.c.objc; name = AFURLRequestSerialization.m; path = "cordova-plugin-advanced-http/AFURLRequestSerialization.m"; sourceTree = "<group>"; };
		836E407A700F4476A4449643 /* CDVCamera.h */ = {isa = PBXFileReference; explicitFileType = undefined; fileEncoding = 4; includeInIndex = 0; lastKnownFileType = sourcecode.c.h; name = CDVCamera.h; path = "cordova-plugin-camera/CDVCamera.h"; sourceTree = "<group>"; };
		83750208CBB54BE38EA4EE5E /* AppDelegate+nativepagetransitions.h */ = {isa = PBXFileReference; explicitFileType = undefined; fileEncoding = 4; includeInIndex = 0; lastKnownFileType = sourcecode.c.h; name = "AppDelegate+nativepagetransitions.h"; path = "com.telerik.plugins.nativepagetransitions/AppDelegate+nativepagetransitions.h"; sourceTree = "<group>"; };
		8549C9C87AD749A9BA220E0F /* CDVFile.h */ = {isa = PBXFileReference; explicitFileType = undefined; fileEncoding = 4; includeInIndex = 0; lastKnownFileType = sourcecode.c.h; name = CDVFile.h; path = "cordova-plugin-file/CDVFile.h"; sourceTree = "<group>"; };
		856EF2FEF6D445469B5CD512 /* CDVViewController+SplashScreen.h */ = {isa = PBXFileReference; explicitFileType = undefined; fileEncoding = 4; includeInIndex = 0; lastKnownFileType = sourcecode.c.h; name = "CDVViewController+SplashScreen.h"; path = "cordova-plugin-splashscreen/CDVViewController+SplashScreen.h"; sourceTree = "<group>"; };
		89D387D893AD406F95D0F44B /* GMEmptyFolder@1x.png */ = {isa = PBXFileReference; explicitFileType = undefined; fileEncoding = 9; includeInIndex = 0; lastKnownFileType = unknown; path = "GMEmptyFolder@1x.png"; sourceTree = "<group>"; };
		8D1107310486CEB800E47090 /* AMO-Info.plist */ = {isa = PBXFileReference; fileEncoding = 4; lastKnownFileType = text.plist.xml; name = "AMO-Info.plist"; path = "AMO/AMO-Info.plist"; plistStructureDefinitionIdentifier = "com.apple.xcode.plist.structure-definition.iphone.info-plist"; sourceTree = SOURCE_ROOT; };
		8D7B9005016A4778A6C8C03B /* GMSelected@2x.png */ = {isa = PBXFileReference; explicitFileType = undefined; fileEncoding = 9; includeInIndex = 0; lastKnownFileType = unknown; path = "GMSelected@2x.png"; sourceTree = "<group>"; };
		8F535B91B5F14CBDB7DAF6FA /* CDVViewController+SplashScreen.m */ = {isa = PBXFileReference; explicitFileType = undefined; fileEncoding = 4; includeInIndex = 0; lastKnownFileType = sourcecode.c.objc; name = "CDVViewController+SplashScreen.m"; path = "cordova-plugin-splashscreen/CDVViewController+SplashScreen.m"; sourceTree = "<group>"; };
		909741FA134D41E0B2C5B725 /* AppDelegate+nativepagetransitions.m */ = {isa = PBXFileReference; explicitFileType = undefined; fileEncoding = 4; includeInIndex = 0; lastKnownFileType = sourcecode.c.objc; name = "AppDelegate+nativepagetransitions.m"; path = "com.telerik.plugins.nativepagetransitions/AppDelegate+nativepagetransitions.m"; sourceTree = "<group>"; };
		926877628C17433AA827DA62 /* TextRequestSerializer.h */ = {isa = PBXFileReference; explicitFileType = undefined; fileEncoding = 4; includeInIndex = 0; lastKnownFileType = sourcecode.c.h; name = TextRequestSerializer.h; path = "cordova-plugin-advanced-http/TextRequestSerializer.h"; sourceTree = "<group>"; };
		931789484EEF4C01AF4B60E2 /* OneSignalPush.h */ = {isa = PBXFileReference; explicitFileType = undefined; fileEncoding = 4; includeInIndex = 0; lastKnownFileType = sourcecode.c.h; name = OneSignalPush.h; path = "onesignal-cordova-plugin/OneSignalPush.h"; sourceTree = "<group>"; };
		93D0085F2FC644EABAD785A6 /* AFSecurityPolicy.m */ = {isa = PBXFileReference; explicitFileType = undefined; fileEncoding = 4; includeInIndex = 0; lastKnownFileType = sourcecode.c.objc; name = AFSecurityPolicy.m; path = "cordova-plugin-advanced-http/AFSecurityPolicy.m"; sourceTree = "<group>"; };
		962B52DE523441DC939C709A /* TextResponseSerializer.m */ = {isa = PBXFileReference; explicitFileType = undefined; fileEncoding = 4; includeInIndex = 0; lastKnownFileType = sourcecode.c.objc; name = TextResponseSerializer.m; path = "cordova-plugin-advanced-http/TextResponseSerializer.m"; sourceTree = "<group>"; };
		9BE1F66D0830429684268952 /* Accelerate.framework */ = {isa = PBXFileReference; explicitFileType = undefined; fileEncoding = 9; includeInIndex = 0; lastKnownFileType = wrapper.framework; name = Accelerate.framework; path = System/Library/Frameworks/Accelerate.framework; sourceTree = SDKROOT; };
		9E5E653096BE4D0C85A88A16 /* AFNetworking.h */ = {isa = PBXFileReference; explicitFileType = undefined; fileEncoding = 4; includeInIndex = 0; lastKnownFileType = sourcecode.c.h; name = AFNetworking.h; path = "cordova-plugin-advanced-http/AFNetworking.h"; sourceTree = "<group>"; };
		A03D76346E044B5F91B7EDED /* BinaryRequestSerializer.m */ = {isa = PBXFileReference; explicitFileType = undefined; fileEncoding = 4; includeInIndex = 0; lastKnownFileType = sourcecode.c.objc; name = BinaryRequestSerializer.m; path = "cordova-plugin-advanced-http/BinaryRequestSerializer.m"; sourceTree = "<group>"; };
		A2B3E6FDD5774A4DB2CF6EE0 /* CDVInAppBrowserOptions.m */ = {isa = PBXFileReference; explicitFileType = undefined; fileEncoding = 4; includeInIndex = 0; lastKnownFileType = sourcecode.c.objc; name = CDVInAppBrowserOptions.m; path = "cordova-plugin-inappbrowser/CDVInAppBrowserOptions.m"; sourceTree = "<group>"; };
		A5F88BA35C104894B8438EA9 /* PSYBlockTimer.h */ = {isa = PBXFileReference; explicitFileType = undefined; fileEncoding = 4; includeInIndex = 0; lastKnownFileType = sourcecode.c.h; name = PSYBlockTimer.h; path = "cordova-plugin-telerik-imagepicker/PSYBlockTimer.h"; sourceTree = "<group>"; };
		A8BFA5D21405465FAF231096 /* SDNetworkActivityIndicator.h */ = {isa = PBXFileReference; explicitFileType = undefined; fileEncoding = 4; includeInIndex = 0; lastKnownFileType = sourcecode.c.h; name = SDNetworkActivityIndicator.h; path = "cordova-plugin-advanced-http/SDNetworkActivityIndicator.h"; sourceTree = "<group>"; };
		ACA5A50B1A1E43939D77A4D1 /* SOSPicker.h */ = {isa = PBXFileReference; explicitFileType = undefined; fileEncoding = 4; includeInIndex = 0; lastKnownFileType = sourcecode.c.h; name = SOSPicker.h; path = "cordova-plugin-telerik-imagepicker/SOSPicker.h"; sourceTree = "<group>"; };
		AE3116D1A1594E17B8CF3F6E /* GMPHAsset.h */ = {isa = PBXFileReference; explicitFileType = undefined; fileEncoding = 4; includeInIndex = 0; lastKnownFileType = sourcecode.c.h; name = GMPHAsset.h; path = "cordova-plugin-telerik-imagepicker/GMPHAsset.h"; sourceTree = "<group>"; };
		B37CC33764AB40B28360712E /* pt.lproj */ = {isa = PBXFileReference; explicitFileType = undefined; fileEncoding = 9; includeInIndex = 0; lastKnownFileType = unknown; path = pt.lproj; sourceTree = "<group>"; };
		B40BE92C433C4B9BB2A4A740 /* OneSignalPush.m */ = {isa = PBXFileReference; explicitFileType = undefined; fileEncoding = 4; includeInIndex = 0; lastKnownFileType = sourcecode.c.objc; name = OneSignalPush.m; path = "onesignal-cordova-plugin/OneSignalPush.m"; sourceTree = "<group>"; };
		B5665944FBA841B2AD10FE22 /* GMGridViewCell.h */ = {isa = PBXFileReference; explicitFileType = undefined; fileEncoding = 4; includeInIndex = 0; lastKnownFileType = sourcecode.c.h; name = GMGridViewCell.h; path = "cordova-plugin-telerik-imagepicker/GMGridViewCell.h"; sourceTree = "<group>"; };
		B6BE2D9E51764ED8A8ED06C4 /* GMGridViewCell.m */ = {isa = PBXFileReference; explicitFileType = undefined; fileEncoding = 4; includeInIndex = 0; lastKnownFileType = sourcecode.c.objc; name = GMGridViewCell.m; path = "cordova-plugin-telerik-imagepicker/GMGridViewCell.m"; sourceTree = "<group>"; };
		BC0282CC9E2646FDA4D5ADDF /* GMAlbumsViewController.h */ = {isa = PBXFileReference; explicitFileType = undefined; fileEncoding = 4; includeInIndex = 0; lastKnownFileType = sourcecode.c.h; name = GMAlbumsViewController.h; path = "cordova-plugin-telerik-imagepicker/GMAlbumsViewController.h"; sourceTree = "<group>"; };
		BC10F45B101D4016A6CA93CF /* CDVWKInAppBrowserUIDelegate.m */ = {isa = PBXFileReference; explicitFileType = undefined; fileEncoding = 4; includeInIndex = 0; lastKnownFileType = sourcecode.c.objc; name = CDVWKInAppBrowserUIDelegate.m; path = "cordova-plugin-inappbrowser/CDVWKInAppBrowserUIDelegate.m"; sourceTree = "<group>"; };
		BED5372FCC0E4199B65F2D4E /* IONAssetHandler.m */ = {isa = PBXFileReference; explicitFileType = undefined; fileEncoding = 4; includeInIndex = 0; lastKnownFileType = sourcecode.c.objc; name = IONAssetHandler.m; path = "cordova-plugin-ionic-webview/IONAssetHandler.m"; sourceTree = "<group>"; };
		C14699D9AC0E4879A48A25E8 /* CDVIonicKeyboard.m */ = {isa = PBXFileReference; explicitFileType = undefined; fileEncoding = 4; includeInIndex = 0; lastKnownFileType = sourcecode.c.objc; name = CDVIonicKeyboard.m; path = "cordova-plugin-ionic-keyboard/CDVIonicKeyboard.m"; sourceTree = "<group>"; };
		C31FBB21D76B47869A9B3866 /* CDVLocation.h */ = {isa = PBXFileReference; explicitFileType = undefined; fileEncoding = 4; includeInIndex = 0; lastKnownFileType = sourcecode.c.h; name = CDVLocation.h; path = "cordova-plugin-geolocation/CDVLocation.h"; sourceTree = "<group>"; };
		C33CEA3AE7B647268C0510AC /* GMImagePickerController.h */ = {isa = PBXFileReference; explicitFileType = undefined; fileEncoding = 4; includeInIndex = 0; lastKnownFileType = sourcecode.c.h; name = GMImagePickerController.h; path = "cordova-plugin-telerik-imagepicker/GMImagePickerController.h"; sourceTree = "<group>"; };
		C56806230B9C446B982DE38C /* CDVWKWebViewEngine.m */ = {isa = PBXFileReference; explicitFileType = undefined; fileEncoding = 4; includeInIndex = 0; lastKnownFileType = sourcecode.c.objc; name = CDVWKWebViewEngine.m; path = "cordova-plugin-ionic-webview/CDVWKWebViewEngine.m"; sourceTree = "<group>"; };
		C7DE63FAA65D455AB5C6DBF4 /* AFHTTPSessionManager.h */ = {isa = PBXFileReference; explicitFileType = undefined; fileEncoding = 4; includeInIndex = 0; lastKnownFileType = sourcecode.c.h; name = AFHTTPSessionManager.h; path = "cordova-plugin-advanced-http/AFHTTPSessionManager.h"; sourceTree = "<group>"; };
		C807B17EF12E4CEDB0B8A951 /* CDVWKInAppBrowser.h */ = {isa = PBXFileReference; explicitFileType = undefined; fileEncoding = 4; includeInIndex = 0; lastKnownFileType = sourcecode.c.h; name = CDVWKInAppBrowser.h; path = "cordova-plugin-inappbrowser/CDVWKInAppBrowser.h"; sourceTree = "<group>"; };
		CE24B2514E634803AD75700F /* CDVExif.h */ = {isa = PBXFileReference; explicitFileType = undefined; fileEncoding = 4; includeInIndex = 0; lastKnownFileType = sourcecode.c.h; name = CDVExif.h; path = "cordova-plugin-camera/CDVExif.h"; sourceTree = "<group>"; };
		CF4CE7D2CC90496BA528AC3F /* AFURLResponseSerialization.h */ = {isa = PBXFileReference; explicitFileType = undefined; fileEncoding = 4; includeInIndex = 0; lastKnownFileType = sourcecode.c.h; name = AFURLResponseSerialization.h; path = "cordova-plugin-advanced-http/AFURLResponseSerialization.h"; sourceTree = "<group>"; };
		D184CB9F37394FADB2C04118 /* TextRequestSerializer.m */ = {isa = PBXFileReference; explicitFileType = undefined; fileEncoding = 4; includeInIndex = 0; lastKnownFileType = sourcecode.c.objc; name = TextRequestSerializer.m; path = "cordova-plugin-advanced-http/TextRequestSerializer.m"; sourceTree = "<group>"; };
		D18B94CDEF48478CA4CD4454 /* CDVJpegHeaderWriter.m */ = {isa = PBXFileReference; explicitFileType = undefined; fileEncoding = 4; includeInIndex = 0; lastKnownFileType = sourcecode.c.objc; name = CDVJpegHeaderWriter.m; path = "cordova-plugin-camera/CDVJpegHeaderWriter.m"; sourceTree = "<group>"; };
		D382608ED9514974A09F4F1F /* CDVWKWebViewUIDelegate.h */ = {isa = PBXFileReference; explicitFileType = undefined; fileEncoding = 4; includeInIndex = 0; lastKnownFileType = sourcecode.c.h; name = CDVWKWebViewUIDelegate.h; path = "cordova-plugin-ionic-webview/CDVWKWebViewUIDelegate.h"; sourceTree = "<group>"; };
		D40E3D5B9132498696D223C3 /* CDVUIInAppBrowser.m */ = {isa = PBXFileReference; explicitFileType = undefined; fileEncoding = 4; includeInIndex = 0; lastKnownFileType = sourcecode.c.objc; name = CDVUIInAppBrowser.m; path = "cordova-plugin-inappbrowser/CDVUIInAppBrowser.m"; sourceTree = "<group>"; };
		D5FB7B9CFEF342B09C2DE314 /* GMAlbumsViewController.m */ = {isa = PBXFileReference; explicitFileType = undefined; fileEncoding = 4; includeInIndex = 0; lastKnownFileType = sourcecode.c.objc; name = GMAlbumsViewController.m; path = "cordova-plugin-telerik-imagepicker/GMAlbumsViewController.m"; sourceTree = "<group>"; };
		DAE23BDC44B147A6B04F80B1 /* CDVLocation.m */ = {isa = PBXFileReference; explicitFileType = undefined; fileEncoding = 4; includeInIndex = 0; lastKnownFileType = sourcecode.c.objc; name = CDVLocation.m; path = "cordova-plugin-geolocation/CDVLocation.m"; sourceTree = "<group>"; };
		DB66187E8E504E688F0DD913 /* CDVUIInAppBrowser.h */ = {isa = PBXFileReference; explicitFileType = undefined; fileEncoding = 4; includeInIndex = 0; lastKnownFileType = sourcecode.c.h; name = CDVUIInAppBrowser.h; path = "cordova-plugin-inappbrowser/CDVUIInAppBrowser.h"; sourceTree = "<group>"; };
		DBC19B8461C24BABACFF01A0 /* CDVInAppBrowserNavigationController.h */ = {isa = PBXFileReference; explicitFileType = undefined; fileEncoding = 4; includeInIndex = 0; lastKnownFileType = sourcecode.c.h; name = CDVInAppBrowserNavigationController.h; path = "cordova-plugin-inappbrowser/CDVInAppBrowserNavigationController.h"; sourceTree = "<group>"; };
		DC8E28B630C44E58A34BA46F /* BinaryResponseSerializer.m */ = {isa = PBXFileReference; explicitFileType = undefined; fileEncoding = 4; includeInIndex = 0; lastKnownFileType = sourcecode.c.objc; name = BinaryResponseSerializer.m; path = "cordova-plugin-advanced-http/BinaryResponseSerializer.m"; sourceTree = "<group>"; };
		DE88B90963EE80A3644EF09F /* Pods-AMO.debug.xcconfig */ = {isa = PBXFileReference; includeInIndex = 1; lastKnownFileType = text.xcconfig; name = "Pods-AMO.debug.xcconfig"; path = "Target Support Files/Pods-AMO/Pods-AMO.debug.xcconfig"; sourceTree = "<group>"; };
		E0A0821D0E154A69AC56D654 /* GMEmptyFolder@2x.png */ = {isa = PBXFileReference; explicitFileType = undefined; fileEncoding = 9; includeInIndex = 0; lastKnownFileType = unknown; path = "GMEmptyFolder@2x.png"; sourceTree = "<group>"; };
		E1E2DA6DDD61465D9564CA7A /* GMGridViewController.m */ = {isa = PBXFileReference; explicitFileType = undefined; fileEncoding = 4; includeInIndex = 0; lastKnownFileType = sourcecode.c.objc; name = GMGridViewController.m; path = "cordova-plugin-telerik-imagepicker/GMGridViewController.m"; sourceTree = "<group>"; };
		E26959BF3811478B8E9F2F70 /* SDNetworkActivityIndicator.m */ = {isa = PBXFileReference; explicitFileType = undefined; fileEncoding = 4; includeInIndex = 0; lastKnownFileType = sourcecode.c.objc; name = SDNetworkActivityIndicator.m; path = "cordova-plugin-advanced-http/SDNetworkActivityIndicator.m"; sourceTree = "<group>"; };
		E2E21595A21C4B12A18ECE51 /* UIImage+CropScaleOrientation.m */ = {isa = PBXFileReference; explicitFileType = undefined; fileEncoding = 4; includeInIndex = 0; lastKnownFileType = sourcecode.c.objc; name = "UIImage+CropScaleOrientation.m"; path = "cordova-plugin-camera/UIImage+CropScaleOrientation.m"; sourceTree = "<group>"; };
		E505D2DDAD2A4287BB89F8A5 /* CDVFile.m */ = {isa = PBXFileReference; explicitFileType = undefined; fileEncoding = 4; includeInIndex = 0; lastKnownFileType = sourcecode.c.objc; name = CDVFile.m; path = "cordova-plugin-file/CDVFile.m"; sourceTree = "<group>"; };
		E6EA06EC71E94BDABF3741EE /* AFSecurityPolicy.h */ = {isa = PBXFileReference; explicitFileType = undefined; fileEncoding = 4; includeInIndex = 0; lastKnownFileType = sourcecode.c.h; name = AFSecurityPolicy.h; path = "cordova-plugin-advanced-http/AFSecurityPolicy.h"; sourceTree = "<group>"; };
		EB0D473218CA4475B72E5D2C /* CDVStatusBar.h */ = {isa = PBXFileReference; explicitFileType = undefined; fileEncoding = 4; includeInIndex = 0; lastKnownFileType = sourcecode.c.h; name = CDVStatusBar.h; path = "cordova-plugin-statusbar/CDVStatusBar.h"; sourceTree = "<group>"; };
		EB285AA052E54B02879E3E91 /* CDVWKProcessPoolFactory.m */ = {isa = PBXFileReference; explicitFileType = undefined; fileEncoding = 4; includeInIndex = 0; lastKnownFileType = sourcecode.c.objc; name = CDVWKProcessPoolFactory.m; path = "cordova-plugin-ionic-webview/CDVWKProcessPoolFactory.m"; sourceTree = "<group>"; };
		EB87FDF31871DA8E0020F90C /* www */ = {isa = PBXFileReference; lastKnownFileType = folder; name = www; path = ../../www; sourceTree = "<group>"; };
		EB87FDF41871DAF40020F90C /* config.xml */ = {isa = PBXFileReference; lastKnownFileType = text.xml; name = config.xml; path = ../../config.xml; sourceTree = "<group>"; };
		ED33DF2A687741AEAF9F8254 /* Bridging-Header.h */ = {isa = PBXFileReference; fileEncoding = 4; lastKnownFileType = sourcecode.c.h; path = "Bridging-Header.h"; sourceTree = "<group>"; };
		ED56CEA8B8C14129A1A13293 /* TextResponseSerializer.h */ = {isa = PBXFileReference; explicitFileType = undefined; fileEncoding = 4; includeInIndex = 0; lastKnownFileType = sourcecode.c.h; name = TextResponseSerializer.h; path = "cordova-plugin-advanced-http/TextResponseSerializer.h"; sourceTree = "<group>"; };
		ED75C80649804B01B4F95778 /* AVFoundation.framework */ = {isa = PBXFileReference; explicitFileType = undefined; fileEncoding = 9; includeInIndex = 0; lastKnownFileType = wrapper.framework; name = AVFoundation.framework; path = System/Library/Frameworks/AVFoundation.framework; sourceTree = SDKROOT; };
		EE300C075CC143C4ADFFAA7F /* CDVDevice.m */ = {isa = PBXFileReference; explicitFileType = undefined; fileEncoding = 4; includeInIndex = 0; lastKnownFileType = sourcecode.c.objc; name = CDVDevice.m; path = "cordova-plugin-device/CDVDevice.m"; sourceTree = "<group>"; };
		F2466FD92A634EE5B3B629E9 /* ca.lproj */ = {isa = PBXFileReference; explicitFileType = undefined; fileEncoding = 9; includeInIndex = 0; lastKnownFileType = unknown; path = ca.lproj; sourceTree = "<group>"; };
		F2A7DCCC55284419987E0590 /* it.lproj */ = {isa = PBXFileReference; explicitFileType = undefined; fileEncoding = 9; includeInIndex = 0; lastKnownFileType = unknown; path = it.lproj; sourceTree = "<group>"; };
		F3E961FE13954743A6C989FE /* CDVFileTransfer.h */ = {isa = PBXFileReference; explicitFileType = undefined; fileEncoding = 4; includeInIndex = 0; lastKnownFileType = sourcecode.c.h; name = CDVFileTransfer.h; path = "cordova-plugin-file-transfer/CDVFileTransfer.h"; sourceTree = "<group>"; };
		F840E1F0165FE0F500CFE078 /* config.xml */ = {isa = PBXFileReference; lastKnownFileType = text.xml; name = config.xml; path = AMO/config.xml; sourceTree = "<group>"; };
		F99094D76C7044B095DDCA7A /* CDVDevice.h */ = {isa = PBXFileReference; explicitFileType = undefined; fileEncoding = 4; includeInIndex = 0; lastKnownFileType = sourcecode.c.h; name = CDVDevice.h; path = "cordova-plugin-device/CDVDevice.h"; sourceTree = "<group>"; };
/* End PBXFileReference section */

/* Begin PBXFrameworksBuildPhase section */
		0C7C049A25448EE200EAE28F /* Frameworks */ = {
			isa = PBXFrameworksBuildPhase;
			buildActionMask = 2147483647;
			files = (
				0C7C04BD254490AC00EAE28F /* OneSignal.framework in Frameworks */,
				0C7C04BB2544909400EAE28F /* SystemConfiguration.framework in Frameworks */,
				0C7C04BA2544908D00EAE28F /* UIKit.framework in Frameworks */,
				0C7C04B82544908700EAE28F /* CoreGraphics.framework in Frameworks */,
				0C7C04B62544907F00EAE28F /* WebKit.framework in Frameworks */,
			);
			runOnlyForDeploymentPostprocessing = 0;
		};
		1D60588F0D05DD3D006BFB54 /* Frameworks */ = {
			isa = PBXFrameworksBuildPhase;
			buildActionMask = 2147483647;
			files = (
				0C7C04CF254494F400EAE28F /* OneSignal.framework in Frameworks */,
				301BF552109A68D80062928A /* libCordova.a in Frameworks */,
				9C286B5EAA0F42BFB606CF0C /* Security.framework in Frameworks */,
				77AFD6A36BCE45CFBFC17F46 /* SystemConfiguration.framework in Frameworks */,
				4929A168404140B69E0CAC20 /* ImageIO.framework in Frameworks */,
				DBDE0CEAFFA844028B1FB255 /* CoreLocation.framework in Frameworks */,
				3AE74DA2472C4930BB85EB83 /* AVFoundation.framework in Frameworks */,
				FED69174BC824A3BA3AAF499 /* WebKit.framework in Frameworks */,
				9D55A960C1F442BDBF93921B /* Accelerate.framework in Frameworks */,
				77F50AB9DA304A1C9D66233C /* Photos.framework in Frameworks */,
				D610A34AB3A84623A92B8916 /* QuartzCore.framework in Frameworks */,
				A04D0E552D330ACAA717EADC /* libPods-AMO.a in Frameworks */,
			);
			runOnlyForDeploymentPostprocessing = 0;
		};
/* End PBXFrameworksBuildPhase section */

/* Begin PBXGroup section */
		080E96DDFE201D6D7F000001 /* Classes */ = {
			isa = PBXGroup;
			children = (
				302D95EE14D2391D003F00A1 /* MainViewController.h */,
				302D95EF14D2391D003F00A1 /* MainViewController.m */,
				302D95F014D2391D003F00A1 /* MainViewController.xib */,
				1D3623240D0F684500981E51 /* AppDelegate.h */,
				1D3623250D0F684500981E51 /* AppDelegate.m */,
			);
			name = Classes;
			path = AMO/Classes;
			sourceTree = SOURCE_ROOT;
		};
		0C7C049E25448EE200EAE28F /* OneSignalNotificationServiceExtension */ = {
			isa = PBXGroup;
			children = (
				0C7C049F25448EE300EAE28F /* NotificationService.h */,
				0C7C04A025448EE300EAE28F /* NotificationService.m */,
				0C7C04A225448EE300EAE28F /* Info.plist */,
			);
			path = OneSignalNotificationServiceExtension;
			sourceTree = "<group>";
		};
		19C28FACFE9D520D11CA2CBB /* Products */ = {
			isa = PBXGroup;
			children = (
				1D6058910D05DD3D006BFB54 /* AMO.app */,
				0C7C049D25448EE200EAE28F /* OneSignalNotificationServiceExtension.appex */,
			);
			name = Products;
			sourceTree = "<group>";
		};
		29B97314FDCFA39411CA2CEA /* CustomTemplate */ = {
			isa = PBXGroup;
			children = (
				EB87FDF41871DAF40020F90C /* config.xml */,
				EB87FDF31871DA8E0020F90C /* www */,
				EB87FDF11871DA420020F90C /* Staging */,
				301BF52D109A57CC0062928A /* CordovaLib.xcodeproj */,
				080E96DDFE201D6D7F000001 /* Classes */,
				307C750510C5A3420062BCA9 /* Plugins */,
				29B97315FDCFA39411CA2CEA /* Other Sources */,
				29B97317FDCFA39411CA2CEA /* Resources */,
				0C7C049E25448EE200EAE28F /* OneSignalNotificationServiceExtension */,
				29B97323FDCFA39411CA2CEA /* Frameworks */,
				19C28FACFE9D520D11CA2CBB /* Products */,
				70595A68F2A2D705ACF9666A /* Pods */,
			);
			name = CustomTemplate;
			sourceTree = "<group>";
		};
		29B97315FDCFA39411CA2CEA /* Other Sources */ = {
			isa = PBXGroup;
			children = (
				32CA4F630368D1EE00C91783 /* AMO-Prefix.pch */,
				29B97316FDCFA39411CA2CEA /* main.m */,
				ED33DF2A687741AEAF9F8254 /* Bridging-Header.h */,
			);
			name = "Other Sources";
			path = AMO;
			sourceTree = "<group>";
		};
		29B97317FDCFA39411CA2CEA /* Resources */ = {
			isa = PBXGroup;
			children = (
				0207DA571B56EA530066E2B4 /* Images.xcassets */,
				3047A50E1AB8057F00498E2A /* config */,
				8D1107310486CEB800E47090 /* AMO-Info.plist */,
				6AFF5BF81D6E424B00AB3073 /* CDVLaunchScreen.storyboard */,
				89D387D893AD406F95D0F44B /* GMEmptyFolder@1x.png */,
				E0A0821D0E154A69AC56D654 /* GMEmptyFolder@2x.png */,
				625ED05717A3439F9116C6C6 /* GMSelected.png */,
				8D7B9005016A4778A6C8C03B /* GMSelected@2x.png */,
				3249993794574D7E89040438 /* GMVideoIcon.png */,
				6D2207C0021C4A10A717DCF9 /* GMVideoIcon@2x.png */,
				F2466FD92A634EE5B3B629E9 /* ca.lproj */,
				2C5A4C15F45B4FAC95E58A7D /* de.lproj */,
				047D0E4458374CEE8587063A /* en.lproj */,
				4F0BB5B3EFDA41169BFF7F9C /* es.lproj */,
				154D1758C48F42E89DE29FDF /* fr.lproj */,
				F2A7DCCC55284419987E0590 /* it.lproj */,
				B37CC33764AB40B28360712E /* pt.lproj */,
				49A036D9094143C9BED62E7D /* pl.lproj */,
				1B90C5A3F2DD4AFF994BC7DD /* zh-Hans.lproj */,
			);
			name = Resources;
			path = AMO/Resources;
			sourceTree = "<group>";
		};
		29B97323FDCFA39411CA2CEA /* Frameworks */ = {
			isa = PBXGroup;
			children = (
				0C7C04BC254490AC00EAE28F /* OneSignal.framework */,
				0C7C04B92544908D00EAE28F /* UIKit.framework */,
				0C7C04B72544908700EAE28F /* CoreGraphics.framework */,
				498C6088ABE1425FA434DCF7 /* Security.framework */,
				460468551F394CB293DC9121 /* SystemConfiguration.framework */,
				2AB237D717514C748C225F31 /* ImageIO.framework */,
				67C4C6F03237481797007A96 /* CoreLocation.framework */,
				ED75C80649804B01B4F95778 /* AVFoundation.framework */,
				2DCD6FDBFD484BEDB49B3D6E /* WebKit.framework */,
				9BE1F66D0830429684268952 /* Accelerate.framework */,
				5893F4E594F74512BCD42D73 /* Photos.framework */,
				69D127AAA1434790A5335178 /* QuartzCore.framework */,
				1C76D00DFADBC5A58EEB0573 /* libPods-AMO.a */,
			);
			name = Frameworks;
			sourceTree = "<group>";
		};
		301BF52E109A57CC0062928A /* Products */ = {
			isa = PBXGroup;
			children = (
				301BF535109A57CC0062928A /* libCordova.a */,
				907D8124214C687600058A10 /* Cordova.framework */,
			);
			name = Products;
			sourceTree = "<group>";
		};
		3047A50E1AB8057F00498E2A /* config */ = {
			isa = PBXGroup;
			children = (
				3047A50F1AB8059700498E2A /* build-debug.xcconfig */,
				3047A5101AB8059700498E2A /* build-release.xcconfig */,
				3047A5111AB8059700498E2A /* build.xcconfig */,
			);
			name = config;
			sourceTree = "<group>";
		};
		307C750510C5A3420062BCA9 /* Plugins */ = {
			isa = PBXGroup;
			children = (
				27C12B64D4E24E4696C9B2A4 /* NativePageTransitions.m */,
				909741FA134D41E0B2C5B725 /* AppDelegate+nativepagetransitions.m */,
				4C47D3D249DE4952ACC3CEB0 /* NativePageTransitions.h */,
				83750208CBB54BE38EA4EE5E /* AppDelegate+nativepagetransitions.h */,
				6B2A0FD90A5C4BBE80B4EF82 /* CDVClipboard.m */,
				38127F3AAE984C4F8A6CBB4D /* CDVClipboard.h */,
				E505D2DDAD2A4287BB89F8A5 /* CDVFile.m */,
				7C186E1E9D224278A9D530C3 /* CDVLocalFilesystem.m */,
				0415E795BE6444FA9788DBC8 /* CDVAssetLibraryFilesystem.m */,
				8549C9C87AD749A9BA220E0F /* CDVFile.h */,
				372F1EA2AB10435FB597C8BA /* CDVLocalFilesystem.h */,
				4D3C7CFAE2EE4DB996713604 /* CDVAssetLibraryFilesystem.h */,
				79BB47628B854C6194F6C55B /* CordovaHttpPlugin.m */,
				A03D76346E044B5F91B7EDED /* BinaryRequestSerializer.m */,
				DC8E28B630C44E58A34BA46F /* BinaryResponseSerializer.m */,
				962B52DE523441DC939C709A /* TextResponseSerializer.m */,
				D184CB9F37394FADB2C04118 /* TextRequestSerializer.m */,
				664D48F9A2894AEEBBCE9516 /* AFHTTPSessionManager.m */,
				2F0071FFB131456D8BB9BB68 /* AFNetworkReachabilityManager.m */,
				93D0085F2FC644EABAD785A6 /* AFSecurityPolicy.m */,
				7E294C17546E4302BA2238D0 /* AFURLRequestSerialization.m */,
				6585CBA393574A6299E042E2 /* AFURLResponseSerialization.m */,
				19B4BFBF42D347A6B6AD0CBB /* AFURLSessionManager.m */,
				E26959BF3811478B8E9F2F70 /* SDNetworkActivityIndicator.m */,
				62536679F925490988678363 /* CordovaHttpPlugin.h */,
				7D5B4AD9CD5942DDA8796BE2 /* BinaryRequestSerializer.h */,
				470FDC021C3D42AFAC50D765 /* BinaryResponseSerializer.h */,
				ED56CEA8B8C14129A1A13293 /* TextResponseSerializer.h */,
				926877628C17433AA827DA62 /* TextRequestSerializer.h */,
				C7DE63FAA65D455AB5C6DBF4 /* AFHTTPSessionManager.h */,
				9E5E653096BE4D0C85A88A16 /* AFNetworking.h */,
				0A37D9F8911D4D6B9C5F5534 /* AFNetworkReachabilityManager.h */,
				E6EA06EC71E94BDABF3741EE /* AFSecurityPolicy.h */,
				161E805D7F934F81A5419BC7 /* AFURLRequestSerialization.h */,
				CF4CE7D2CC90496BA528AC3F /* AFURLResponseSerialization.h */,
				4280DF830CE244BC91AE94DA /* AFURLSessionManager.h */,
				A8BFA5D21405465FAF231096 /* SDNetworkActivityIndicator.h */,
				E2E21595A21C4B12A18ECE51 /* UIImage+CropScaleOrientation.m */,
				75FCE183805B408BAEA039F2 /* CDVCamera.m */,
				D18B94CDEF48478CA4CD4454 /* CDVJpegHeaderWriter.m */,
				3D13A04ED95A47B8A4255AA2 /* UIImage+CropScaleOrientation.h */,
				836E407A700F4476A4449643 /* CDVCamera.h */,
				4CB11D41D6B545BCBC3EDB1B /* CDVJpegHeaderWriter.h */,
				CE24B2514E634803AD75700F /* CDVExif.h */,
				EE300C075CC143C4ADFFAA7F /* CDVDevice.m */,
				F99094D76C7044B095DDCA7A /* CDVDevice.h */,
				46321CCDE6B64BD09D430549 /* CDVFileTransfer.m */,
				F3E961FE13954743A6C989FE /* CDVFileTransfer.h */,
				DAE23BDC44B147A6B04F80B1 /* CDVLocation.m */,
				C31FBB21D76B47869A9B3866 /* CDVLocation.h */,
				6252F67A82224BE3A7FC9420 /* CDVInAppBrowser.m */,
				A2B3E6FDD5774A4DB2CF6EE0 /* CDVInAppBrowserOptions.m */,
				4662C95BBA36423F8ED55E3A /* CDVInAppBrowserNavigationController.m */,
				D40E3D5B9132498696D223C3 /* CDVUIInAppBrowser.m */,
				53C51514085B4329A994451C /* CDVWKInAppBrowser.m */,
				BC10F45B101D4016A6CA93CF /* CDVWKInAppBrowserUIDelegate.m */,
				60E08F0CC93E472EAA8CFE7C /* CDVInAppBrowser.h */,
				29AE03FDD24C4EA8A054C6E8 /* CDVInAppBrowserOptions.h */,
				DBC19B8461C24BABACFF01A0 /* CDVInAppBrowserNavigationController.h */,
				DB66187E8E504E688F0DD913 /* CDVUIInAppBrowser.h */,
				C807B17EF12E4CEDB0B8A951 /* CDVWKInAppBrowser.h */,
				260BA7D86D7A4D56AF2CA512 /* CDVWKInAppBrowserUIDelegate.h */,
				C14699D9AC0E4879A48A25E8 /* CDVIonicKeyboard.m */,
				444EAAAA4D25497C952C4687 /* CDVIonicKeyboard.h */,
				C56806230B9C446B982DE38C /* CDVWKWebViewEngine.m */,
				40485AE7FFD94C39A614031C /* CDVWKWebViewUIDelegate.m */,
				EB285AA052E54B02879E3E91 /* CDVWKProcessPoolFactory.m */,
				BED5372FCC0E4199B65F2D4E /* IONAssetHandler.m */,
				1FA5C0494DC24954A9459F7C /* CDVWKWebViewEngine.h */,
				D382608ED9514974A09F4F1F /* CDVWKWebViewUIDelegate.h */,
				642C65ABD995462798C92D5B /* CDVWKProcessPoolFactory.h */,
				38C845DBA8894F3799DAE9FC /* IONAssetHandler.h */,
				325694732C9C4D07954CA7E9 /* PreviewAnyFile.swift */,
				30BFBFBB920C4DB68A5966D7 /* CDVSplashScreen.m */,
				8F535B91B5F14CBDB7DAF6FA /* CDVViewController+SplashScreen.m */,
				707EEB9835F2492D9A052455 /* CDVSplashScreen.h */,
				856EF2FEF6D445469B5CD512 /* CDVViewController+SplashScreen.h */,
				3EC82B074BDE49F0AA9092E4 /* CDVStatusBar.m */,
				EB0D473218CA4475B72E5D2C /* CDVStatusBar.h */,
				1F43D886883E4090A3071587 /* SOSPicker.m */,
				421C6696FC1844C29452D348 /* UIImage+fixOrientation.m */,
				6DE4928F9F3946D9B96A89C7 /* GMAlbumsViewCell.m */,
				D5FB7B9CFEF342B09C2DE314 /* GMAlbumsViewController.m */,
				51B0D761D5634DFFAF81A147 /* GMFetchItem.m */,
				B6BE2D9E51764ED8A8ED06C4 /* GMGridViewCell.m */,
				E1E2DA6DDD61465D9564CA7A /* GMGridViewController.m */,
				19D6A8EB2F024CFF87820C73 /* GMImagePickerController.m */,
				1B50280C67194A6AB33B857E /* PSYBlockTimer.m */,
				225249FC27B9410B99C5327C /* GMPHAsset.m */,
				ACA5A50B1A1E43939D77A4D1 /* SOSPicker.h */,
				6F86A52BFE854A90AECF8867 /* UIImage+fixOrientation.h */,
				1B3B690EBE0B45B192ACBBB9 /* GMAlbumsViewCell.h */,
				BC0282CC9E2646FDA4D5ADDF /* GMAlbumsViewController.h */,
				516CD92BFF7D46E28FCB8350 /* GMFetchItem.h */,
				B5665944FBA841B2AD10FE22 /* GMGridViewCell.h */,
				3AC00B96DE7E4DDC9400263B /* GMGridViewController.h */,
				C33CEA3AE7B647268C0510AC /* GMImagePickerController.h */,
				A5F88BA35C104894B8438EA9 /* PSYBlockTimer.h */,
				AE3116D1A1594E17B8CF3F6E /* GMPHAsset.h */,
				B40BE92C433C4B9BB2A4A740 /* OneSignalPush.m */,
				931789484EEF4C01AF4B60E2 /* OneSignalPush.h */,
			);
			name = Plugins;
			path = AMO/Plugins;
			sourceTree = SOURCE_ROOT;
		};
		70595A68F2A2D705ACF9666A /* Pods */ = {
			isa = PBXGroup;
			children = (
				DE88B90963EE80A3644EF09F /* Pods-AMO.debug.xcconfig */,
				19892641F6A33547706D191C /* Pods-AMO.release.xcconfig */,
			);
			path = Pods;
			sourceTree = "<group>";
		};
		EB87FDF11871DA420020F90C /* Staging */ = {
			isa = PBXGroup;
			children = (
				F840E1F0165FE0F500CFE078 /* config.xml */,
				301BF56E109A69640062928A /* www */,
			);
			name = Staging;
			sourceTree = "<group>";
		};
/* End PBXGroup section */

/* Begin PBXNativeTarget section */
		0C7C049C25448EE200EAE28F /* OneSignalNotificationServiceExtension */ = {
			isa = PBXNativeTarget;
			buildConfigurationList = 0C7C04AA25448EE300EAE28F /* Build configuration list for PBXNativeTarget "OneSignalNotificationServiceExtension" */;
			buildPhases = (
				0C7C049925448EE200EAE28F /* Sources */,
				0C7C049A25448EE200EAE28F /* Frameworks */,
				0C7C049B25448EE200EAE28F /* Resources */,
			);
			buildRules = (
			);
			dependencies = (
			);
			name = OneSignalNotificationServiceExtension;
			productName = OneSignalNotificationServiceExtension;
			productReference = 0C7C049D25448EE200EAE28F /* OneSignalNotificationServiceExtension.appex */;
			productType = "com.apple.product-type.app-extension";
		};
		1D6058900D05DD3D006BFB54 /* AMO */ = {
			isa = PBXNativeTarget;
			buildConfigurationList = 1D6058960D05DD3E006BFB54 /* Build configuration list for PBXNativeTarget "AMO" */;
			buildPhases = (
				97BE61613C9204BB50BC86EB /* [CP] Check Pods Manifest.lock */,
				304B58A110DAC018002A0835 /* Copy www directory */,
				1D60588D0D05DD3D006BFB54 /* Resources */,
				1D60588E0D05DD3D006BFB54 /* Sources */,
				1D60588F0D05DD3D006BFB54 /* Frameworks */,
				0C7C04A625448EE300EAE28F /* Embed App Extensions */,
			);
			buildRules = (
			);
			dependencies = (
				301BF551109A68C00062928A /* PBXTargetDependency */,
				0C7C04A425448EE300EAE28F /* PBXTargetDependency */,
			);
			name = AMO;
			productName = AMO;
			productReference = 1D6058910D05DD3D006BFB54 /* AMO.app */;
			productType = "com.apple.product-type.application";
		};
/* End PBXNativeTarget section */

/* Begin PBXProject section */
		29B97313FDCFA39411CA2CEA /* Project object */ = {
			isa = PBXProject;
			attributes = {
				LastUpgradeCheck = 510;
				TargetAttributes = {
					0C7C049C25448EE200EAE28F = {
						CreatedOnToolsVersion = 12.1;
						DevelopmentTeam = M842YUA37N;
						ProvisioningStyle = Automatic;
					};
					1D6058900D05DD3D006BFB54 = {
						DevelopmentTeam = M842YUA37N;
						ProvisioningStyle = Automatic;
					};
				};
			};
			buildConfigurationList = C01FCF4E08A954540054247B /* Build configuration list for PBXProject "AMO" */;
			compatibilityVersion = "Xcode 3.2";
			developmentRegion = English;
			hasScannedForEncodings = 1;
			knownRegions = (
				English,
				en,
				Base,
			);
			mainGroup = 29B97314FDCFA39411CA2CEA /* CustomTemplate */;
			productRefGroup = 19C28FACFE9D520D11CA2CBB /* Products */;
			projectDirPath = "";
			projectReferences = (
				{
					ProductGroup = 301BF52E109A57CC0062928A /* Products */;
					ProjectRef = 301BF52D109A57CC0062928A /* CordovaLib.xcodeproj */;
				},
			);
			projectRoot = "";
			targets = (
				1D6058900D05DD3D006BFB54 /* AMO */,
				0C7C049C25448EE200EAE28F /* OneSignalNotificationServiceExtension */,
			);
		};
/* End PBXProject section */

/* Begin PBXReferenceProxy section */
		301BF535109A57CC0062928A /* libCordova.a */ = {
			isa = PBXReferenceProxy;
			fileType = archive.ar;
			path = libCordova.a;
			remoteRef = 301BF534109A57CC0062928A /* PBXContainerItemProxy */;
			sourceTree = BUILT_PRODUCTS_DIR;
		};
		907D8124214C687600058A10 /* Cordova.framework */ = {
			isa = PBXReferenceProxy;
			fileType = wrapper.framework;
			path = Cordova.framework;
			remoteRef = 907D8123214C687600058A10 /* PBXContainerItemProxy */;
			sourceTree = BUILT_PRODUCTS_DIR;
		};
/* End PBXReferenceProxy section */

/* Begin PBXResourcesBuildPhase section */
		0C7C049B25448EE200EAE28F /* Resources */ = {
			isa = PBXResourcesBuildPhase;
			buildActionMask = 2147483647;
			files = (
			);
			runOnlyForDeploymentPostprocessing = 0;
		};
		1D60588D0D05DD3D006BFB54 /* Resources */ = {
			isa = PBXResourcesBuildPhase;
			buildActionMask = 2147483647;
			files = (
				302D95F214D2391D003F00A1 /* MainViewController.xib in Resources */,
				0207DA581B56EA530066E2B4 /* Images.xcassets in Resources */,
				6AFF5BF91D6E424B00AB3073 /* CDVLaunchScreen.storyboard in Resources */,
				1126D5465D854E008A26E5AC /* GMEmptyFolder@1x.png in Resources */,
				1F3D3B2CFFB647F7AAF0206C /* GMEmptyFolder@2x.png in Resources */,
				059FDC7653FD499FA07DD869 /* GMSelected.png in Resources */,
				23208FD2F3F8426F971195D8 /* GMSelected@2x.png in Resources */,
				94D3428195904D13A897F57E /* GMVideoIcon.png in Resources */,
				FA27274FE8934133B7B67B3E /* GMVideoIcon@2x.png in Resources */,
				EEACDBD8473144469AE5E34D /* ca.lproj in Resources */,
				9C8FE18112304802908015FF /* de.lproj in Resources */,
				FF51876963F54CC78014BB39 /* en.lproj in Resources */,
				575A2225C9834F13AC0AE1A3 /* es.lproj in Resources */,
				BBAF9B7C79C3479B8CC1C2B0 /* fr.lproj in Resources */,
				22FD2180C64D4F779616CEE6 /* it.lproj in Resources */,
				88CB196337E94DEE883DAA0F /* pt.lproj in Resources */,
				BEA645A54BAC4742AEE7D8A9 /* pl.lproj in Resources */,
				5AADBC605FFC404382862CD9 /* zh-Hans.lproj in Resources */,
			);
			runOnlyForDeploymentPostprocessing = 0;
		};
/* End PBXResourcesBuildPhase section */

/* Begin PBXShellScriptBuildPhase section */
		304B58A110DAC018002A0835 /* Copy www directory */ = {
			isa = PBXShellScriptBuildPhase;
			buildActionMask = 2147483647;
			files = (
			);
			inputPaths = (
			);
			name = "Copy www directory";
			outputPaths = (
			);
			runOnlyForDeploymentPostprocessing = 0;
			shellPath = /bin/sh;
			shellScript = "\"$SRCROOT/AMO/Scripts/copy-www-build-step.sh\"";
			showEnvVarsInLog = 0;
		};
		97BE61613C9204BB50BC86EB /* [CP] Check Pods Manifest.lock */ = {
			isa = PBXShellScriptBuildPhase;
			buildActionMask = 2147483647;
			files = (
			);
			inputFileListPaths = (
			);
			inputPaths = (
				"${PODS_PODFILE_DIR_PATH}/Podfile.lock",
				"${PODS_ROOT}/Manifest.lock",
			);
			name = "[CP] Check Pods Manifest.lock";
			outputFileListPaths = (
			);
			outputPaths = (
				"$(DERIVED_FILE_DIR)/Pods-AMO-checkManifestLockResult.txt",
			);
			runOnlyForDeploymentPostprocessing = 0;
			shellPath = /bin/sh;
			shellScript = "diff \"${PODS_PODFILE_DIR_PATH}/Podfile.lock\" \"${PODS_ROOT}/Manifest.lock\" > /dev/null\nif [ $? != 0 ] ; then\n    # print error to STDERR\n    echo \"error: The sandbox is not in sync with the Podfile.lock. Run 'pod install' or update your CocoaPods installation.\" >&2\n    exit 1\nfi\n# This output is used by Xcode 'outputs' to avoid re-running this script phase.\necho \"SUCCESS\" > \"${SCRIPT_OUTPUT_FILE_0}\"\n";
			showEnvVarsInLog = 0;
		};
/* End PBXShellScriptBuildPhase section */

/* Begin PBXSourcesBuildPhase section */
		0C7C049925448EE200EAE28F /* Sources */ = {
			isa = PBXSourcesBuildPhase;
			buildActionMask = 2147483647;
			files = (
				0C7C04A125448EE300EAE28F /* NotificationService.m in Sources */,
			);
			runOnlyForDeploymentPostprocessing = 0;
		};
		1D60588E0D05DD3D006BFB54 /* Sources */ = {
			isa = PBXSourcesBuildPhase;
			buildActionMask = 2147483647;
			files = (
				1D60589B0D05DD56006BFB54 /* main.m in Sources */,
				1D3623260D0F684500981E51 /* AppDelegate.m in Sources */,
				302D95F114D2391D003F00A1 /* MainViewController.m in Sources */,
				8B3557A4CE8D4C34BCD08F24 /* NativePageTransitions.m in Sources */,
				CE724D48306A42B78955F7E4 /* AppDelegate+nativepagetransitions.m in Sources */,
				86828D11E2444F948233B596 /* CDVClipboard.m in Sources */,
				98CBCF1B36FE4F37B135C5DC /* CDVFile.m in Sources */,
				91E2BE9F8030428DACD2F312 /* CDVLocalFilesystem.m in Sources */,
				F46353FE7CC346D2A0C264EC /* CDVAssetLibraryFilesystem.m in Sources */,
				C736F50E4F624761940C7D55 /* CordovaHttpPlugin.m in Sources */,
				36B0B0A321A94A7C8483B98E /* BinaryRequestSerializer.m in Sources */,
				FA2AA90C9B5E42758C075CB2 /* BinaryResponseSerializer.m in Sources */,
				72662642FD5341039385B945 /* TextResponseSerializer.m in Sources */,
				06C32813226E43758FA30D9F /* TextRequestSerializer.m in Sources */,
				4A2603670C4C4988AEA94681 /* AFHTTPSessionManager.m in Sources */,
				7BDD32A49C2B464B828F05FA /* AFNetworkReachabilityManager.m in Sources */,
				B4AC4B9174BA4BEAAA0BA3FC /* AFSecurityPolicy.m in Sources */,
				F76C6CCCC35044A1A4017477 /* AFURLRequestSerialization.m in Sources */,
				33F5E2FA359D48A397335AAD /* AFURLResponseSerialization.m in Sources */,
				E41E0E3E916149D299846E60 /* AFURLSessionManager.m in Sources */,
				E1DE60E8B076461CBA93E678 /* SDNetworkActivityIndicator.m in Sources */,
				C315F9A11C7746C3BA9FDBD9 /* UIImage+CropScaleOrientation.m in Sources */,
				5FFC4444C11941988B67AAE5 /* CDVCamera.m in Sources */,
				B72A9CE42F3D495C8D4C8430 /* CDVJpegHeaderWriter.m in Sources */,
				604487BCF07B4A5190F47703 /* CDVDevice.m in Sources */,
				77D9EBD33CF443DF94F01FDD /* CDVFileTransfer.m in Sources */,
				1206347646D14DA6AB965F63 /* CDVLocation.m in Sources */,
				FFFD27CD01974C3BA4BED65B /* CDVInAppBrowser.m in Sources */,
				A33DE1C1B7124A658143F0CE /* CDVInAppBrowserOptions.m in Sources */,
				5724C4AC6D7F461FB85CF851 /* CDVInAppBrowserNavigationController.m in Sources */,
				87C90BCA4C1C4100A4D9F537 /* CDVUIInAppBrowser.m in Sources */,
				66CC70508D8E4D769A9540CC /* CDVWKInAppBrowser.m in Sources */,
				C2475ED180A745F48A67BF27 /* CDVWKInAppBrowserUIDelegate.m in Sources */,
				48857504BEBA47E7B8A2A5F2 /* CDVIonicKeyboard.m in Sources */,
				917C486E9609402EA1E7260D /* CDVWKWebViewEngine.m in Sources */,
				156FD360468D463D9C85AB07 /* CDVWKWebViewUIDelegate.m in Sources */,
				EE5EB014141E4F959160EEF0 /* CDVWKProcessPoolFactory.m in Sources */,
				77C5BDC7E3C9427AB842A41E /* IONAssetHandler.m in Sources */,
				5F44E50CA061439CBF65E883 /* PreviewAnyFile.swift in Sources */,
				9588BD34E3894915A0B8DEAA /* CDVSplashScreen.m in Sources */,
				91C8A1E82BAF41E5815C4DAE /* CDVViewController+SplashScreen.m in Sources */,
				F5A415ADCD7B4449926D5038 /* CDVStatusBar.m in Sources */,
				82DBE38426614885A436428F /* SOSPicker.m in Sources */,
				B90080382E9D480BB3ED589E /* UIImage+fixOrientation.m in Sources */,
				7111D5BEC84847AAA2D1A5E1 /* GMAlbumsViewCell.m in Sources */,
				BE0EBA194C2D4B3C93F9CD3F /* GMAlbumsViewController.m in Sources */,
				60BA00542816443988641811 /* GMFetchItem.m in Sources */,
				356A11390C694623BFAB67D5 /* GMGridViewCell.m in Sources */,
				3A6B46B0CE4E40E1BCEEF71C /* GMGridViewController.m in Sources */,
				151AB420F557496D9ABC0994 /* GMImagePickerController.m in Sources */,
				2925777A17FF4A31BD6E4AA0 /* PSYBlockTimer.m in Sources */,
				14952FE194234288B0808A84 /* GMPHAsset.m in Sources */,
				DEFCB97983914B5AA33054BC /* OneSignalPush.m in Sources */,
			);
			runOnlyForDeploymentPostprocessing = 0;
		};
/* End PBXSourcesBuildPhase section */

/* Begin PBXTargetDependency section */
		0C7C04A425448EE300EAE28F /* PBXTargetDependency */ = {
			isa = PBXTargetDependency;
			target = 0C7C049C25448EE200EAE28F /* OneSignalNotificationServiceExtension */;
			targetProxy = 0C7C04A325448EE300EAE28F /* PBXContainerItemProxy */;
		};
		301BF551109A68C00062928A /* PBXTargetDependency */ = {
			isa = PBXTargetDependency;
			name = CordovaLib;
			targetProxy = 301BF550109A68C00062928A /* PBXContainerItemProxy */;
		};
/* End PBXTargetDependency section */

/* Begin XCBuildConfiguration section */
		0C7C04A725448EE300EAE28F /* Debug */ = {
			isa = XCBuildConfiguration;
			buildSettings = {
				ALWAYS_SEARCH_USER_PATHS = NO;
				CLANG_ANALYZER_NONNULL = YES;
				CLANG_ANALYZER_NUMBER_OBJECT_CONVERSION = YES_AGGRESSIVE;
				CLANG_CXX_LANGUAGE_STANDARD = "gnu++14";
				CLANG_CXX_LIBRARY = "libc++";
				CLANG_ENABLE_OBJC_WEAK = YES;
				CLANG_WARN_DIRECT_OBJC_ISA_USAGE = YES_ERROR;
				CLANG_WARN_DOCUMENTATION_COMMENTS = YES;
				CLANG_WARN_OBJC_ROOT_CLASS = YES_ERROR;
				CLANG_WARN_QUOTED_INCLUDE_IN_FRAMEWORK_HEADER = YES;
				CLANG_WARN_UNGUARDED_AVAILABILITY = YES_AGGRESSIVE;
				CODE_SIGN_STYLE = Automatic;
				COPY_PHASE_STRIP = NO;
				DEBUG_INFORMATION_FORMAT = dwarf;
				DEVELOPMENT_TEAM = M842YUA37N;
				FRAMEWORK_SEARCH_PATHS = (
					"$(inherited)",
					"$(PROJECT_DIR)/Pods/OneSignal/iOS_SDK/OneSignalSDK/Framework",
				);
				GCC_C_LANGUAGE_STANDARD = gnu11;
				GCC_DYNAMIC_NO_PIC = NO;
				GCC_OPTIMIZATION_LEVEL = 0;
				GCC_PREPROCESSOR_DEFINITIONS = (
					"DEBUG=1",
					"$(inherited)",
				);
				GCC_WARN_ABOUT_RETURN_TYPE = YES_ERROR;
				GCC_WARN_UNINITIALIZED_AUTOS = YES_AGGRESSIVE;
				INFOPLIST_FILE = OneSignalNotificationServiceExtension/Info.plist;
				IPHONEOS_DEPLOYMENT_TARGET = 12.0;
				LD_RUNPATH_SEARCH_PATHS = "$(inherited) @executable_path/Frameworks @executable_path/../../Frameworks";
				MTL_ENABLE_DEBUG_INFO = INCLUDE_SOURCE;
				MTL_FAST_MATH = YES;
				PRODUCT_BUNDLE_IDENTIFIER = vn.amtechcom.anhmo.OneSignalNotificationServiceExtension;
				PRODUCT_NAME = "$(TARGET_NAME)";
				SKIP_INSTALL = YES;
				TARGETED_DEVICE_FAMILY = 1;
			};
			name = Debug;
		};
		0C7C04A825448EE300EAE28F /* Release */ = {
			isa = XCBuildConfiguration;
			buildSettings = {
				ALWAYS_SEARCH_USER_PATHS = NO;
				CLANG_ANALYZER_NONNULL = YES;
				CLANG_ANALYZER_NUMBER_OBJECT_CONVERSION = YES_AGGRESSIVE;
				CLANG_CXX_LANGUAGE_STANDARD = "gnu++14";
				CLANG_CXX_LIBRARY = "libc++";
				CLANG_ENABLE_OBJC_WEAK = YES;
				CLANG_WARN_DIRECT_OBJC_ISA_USAGE = YES_ERROR;
				CLANG_WARN_DOCUMENTATION_COMMENTS = YES;
				CLANG_WARN_OBJC_ROOT_CLASS = YES_ERROR;
				CLANG_WARN_QUOTED_INCLUDE_IN_FRAMEWORK_HEADER = YES;
				CLANG_WARN_UNGUARDED_AVAILABILITY = YES_AGGRESSIVE;
				CODE_SIGN_STYLE = Automatic;
				COPY_PHASE_STRIP = NO;
				DEBUG_INFORMATION_FORMAT = "dwarf-with-dsym";
				DEVELOPMENT_TEAM = M842YUA37N;
				ENABLE_NS_ASSERTIONS = NO;
				FRAMEWORK_SEARCH_PATHS = (
					"$(inherited)",
					"$(PROJECT_DIR)/Pods/OneSignal/iOS_SDK/OneSignalSDK/Framework",
				);
				GCC_C_LANGUAGE_STANDARD = gnu11;
				GCC_WARN_ABOUT_RETURN_TYPE = YES_ERROR;
				GCC_WARN_UNINITIALIZED_AUTOS = YES_AGGRESSIVE;
				INFOPLIST_FILE = OneSignalNotificationServiceExtension/Info.plist;
				IPHONEOS_DEPLOYMENT_TARGET = 12.0;
				LD_RUNPATH_SEARCH_PATHS = "$(inherited) @executable_path/Frameworks @executable_path/../../Frameworks";
				MTL_ENABLE_DEBUG_INFO = NO;
				MTL_FAST_MATH = YES;
				PRODUCT_BUNDLE_IDENTIFIER = vn.amtechcom.anhmo.OneSignalNotificationServiceExtension;
				PRODUCT_NAME = "$(TARGET_NAME)";
				SKIP_INSTALL = YES;
				TARGETED_DEVICE_FAMILY = 1;
				VALIDATE_PRODUCT = YES;
			};
			name = Release;
		};
		1D6058940D05DD3E006BFB54 /* Debug */ = {
			isa = XCBuildConfiguration;
			baseConfigurationReference = 3047A50F1AB8059700498E2A /* build-debug.xcconfig */;
			buildSettings = {
				ALWAYS_SEARCH_USER_PATHS = NO;
				ASSETCATALOG_COMPILER_APPICON_NAME = AppIcon;
				ASSETCATALOG_COMPILER_LAUNCHIMAGE_NAME = LaunchImage;
				CLANG_ENABLE_MODULES = YES;
				CLANG_ENABLE_OBJC_ARC = YES;
				CODE_SIGN_IDENTITY = "Apple Development";
				CODE_SIGN_STYLE = Automatic;
				COPY_PHASE_STRIP = NO;
				DEVELOPMENT_TEAM = M842YUA37N;
				FRAMEWORK_SEARCH_PATHS = (
					"$(inherited)",
					"$(PROJECT_DIR)/Pods/OneSignal/iOS_SDK/OneSignalSDK/Framework",
				);
				GCC_DYNAMIC_NO_PIC = NO;
				GCC_OPTIMIZATION_LEVEL = 0;
				GCC_PRECOMPILE_PREFIX_HEADER = YES;
				GCC_PREFIX_HEADER = "AMO/AMO-Prefix.pch";
				GCC_THUMB_SUPPORT = NO;
				GCC_VERSION = "";
				INFOPLIST_FILE = "AMO/AMO-Info.plist";
				IPHONEOS_DEPLOYMENT_TARGET = 12.0;
				LD_RUNPATH_SEARCH_PATHS = "@executable_path/Frameworks";
				PODS_PODFILE_DIR_PATH = "${SRCROOT}/.";
				PODS_ROOT = "${SRCROOT}/Pods";
				PRODUCT_BUNDLE_IDENTIFIER = vn.amtechcom.anhmo;
				PRODUCT_NAME = "$(TARGET_NAME)";
				PROVISIONING_PROFILE_SPECIFIER = "";
				SWIFT_VERSION = 5.0;
				TARGETED_DEVICE_FAMILY = 1;
			};
			name = Debug;
		};
		1D6058950D05DD3E006BFB54 /* Release */ = {
			isa = XCBuildConfiguration;
			baseConfigurationReference = 3047A5101AB8059700498E2A /* build-release.xcconfig */;
			buildSettings = {
				ALWAYS_SEARCH_USER_PATHS = NO;
				ASSETCATALOG_COMPILER_APPICON_NAME = AppIcon;
				ASSETCATALOG_COMPILER_LAUNCHIMAGE_NAME = LaunchImage;
				CLANG_ENABLE_MODULES = YES;
				CLANG_ENABLE_OBJC_ARC = YES;
				CODE_SIGN_IDENTITY = "Apple Development";
				CODE_SIGN_STYLE = Automatic;
				COPY_PHASE_STRIP = YES;
				DEVELOPMENT_TEAM = M842YUA37N;
				FRAMEWORK_SEARCH_PATHS = (
					"$(inherited)",
					"$(PROJECT_DIR)/Pods/OneSignal/iOS_SDK/OneSignalSDK/Framework",
				);
				GCC_PRECOMPILE_PREFIX_HEADER = YES;
				GCC_PREFIX_HEADER = "AMO/AMO-Prefix.pch";
				GCC_THUMB_SUPPORT = NO;
				GCC_VERSION = "";
				INFOPLIST_FILE = "AMO/AMO-Info.plist";
				IPHONEOS_DEPLOYMENT_TARGET = 12.0;
				LD_RUNPATH_SEARCH_PATHS = "@executable_path/Frameworks";
				PODS_PODFILE_DIR_PATH = "${SRCROOT}/.";
				PODS_ROOT = "${SRCROOT}/Pods";
				PRODUCT_BUNDLE_IDENTIFIER = vn.amtechcom.anhmo;
				PRODUCT_NAME = "$(TARGET_NAME)";
				PROVISIONING_PROFILE_SPECIFIER = "";
				SWIFT_VERSION = 5.0;
				TARGETED_DEVICE_FAMILY = 1;
			};
			name = Release;
		};
		C01FCF4F08A954540054247B /* Debug */ = {
			isa = XCBuildConfiguration;
			baseConfigurationReference = 3047A5111AB8059700498E2A /* build.xcconfig */;
			buildSettings = {
				CLANG_ENABLE_MODULES = YES;
				CLANG_ENABLE_OBJC_ARC = YES;
				CLANG_WARN_BLOCK_CAPTURE_AUTORELEASING = YES;
				CLANG_WARN_BOOL_CONVERSION = YES;
				CLANG_WARN_COMMA = YES;
				CLANG_WARN_CONSTANT_CONVERSION = YES;
				CLANG_WARN_DEPRECATED_OBJC_IMPLEMENTATIONS = YES;
				CLANG_WARN_EMPTY_BODY = YES;
				CLANG_WARN_ENUM_CONVERSION = YES;
				CLANG_WARN_INFINITE_RECURSION = YES;
				CLANG_WARN_INT_CONVERSION = YES;
				CLANG_WARN_NON_LITERAL_NULL_CONVERSION = YES;
				CLANG_WARN_OBJC_IMPLICIT_RETAIN_SELF = YES;
				CLANG_WARN_OBJC_LITERAL_CONVERSION = YES;
				CLANG_WARN_RANGE_LOOP_ANALYSIS = YES;
				CLANG_WARN_STRICT_PROTOTYPES = YES;
				CLANG_WARN_SUSPICIOUS_MOVE = YES;
				CLANG_WARN_UNREACHABLE_CODE = YES;
				CLANG_WARN__DUPLICATE_METHOD_MATCH = YES;
				ENABLE_STRICT_OBJC_MSGSEND = YES;
				ENABLE_TESTABILITY = YES;
				GCC_C_LANGUAGE_STANDARD = c99;
				GCC_NO_COMMON_BLOCKS = YES;
				GCC_THUMB_SUPPORT = NO;
				GCC_VERSION = "";
				GCC_WARN_64_TO_32_BIT_CONVERSION = YES;
				GCC_WARN_ABOUT_RETURN_TYPE = YES;
				GCC_WARN_UNDECLARED_SELECTOR = YES;
				GCC_WARN_UNINITIALIZED_AUTOS = YES;
				GCC_WARN_UNUSED_FUNCTION = YES;
				GCC_WARN_UNUSED_VARIABLE = YES;
				ONLY_ACTIVE_ARCH = YES;
				PRODUCT_BUNDLE_IDENTIFIER = vn.amtechcom.anhmo;
				SDKROOT = iphoneos;
				SKIP_INSTALL = NO;
				SWIFT_VERSION = 5.0;
				WK_WEB_VIEW_ONLY = 0;
			};
			name = Debug;
		};
		C01FCF5008A954540054247B /* Release */ = {
			isa = XCBuildConfiguration;
			baseConfigurationReference = 3047A5111AB8059700498E2A /* build.xcconfig */;
			buildSettings = {
				CLANG_ENABLE_MODULES = YES;
				CLANG_ENABLE_OBJC_ARC = YES;
				CLANG_WARN_BLOCK_CAPTURE_AUTORELEASING = YES;
				CLANG_WARN_BOOL_CONVERSION = YES;
				CLANG_WARN_COMMA = YES;
				CLANG_WARN_CONSTANT_CONVERSION = YES;
				CLANG_WARN_DEPRECATED_OBJC_IMPLEMENTATIONS = YES;
				CLANG_WARN_EMPTY_BODY = YES;
				CLANG_WARN_ENUM_CONVERSION = YES;
				CLANG_WARN_INFINITE_RECURSION = YES;
				CLANG_WARN_INT_CONVERSION = YES;
				CLANG_WARN_NON_LITERAL_NULL_CONVERSION = YES;
				CLANG_WARN_OBJC_IMPLICIT_RETAIN_SELF = YES;
				CLANG_WARN_OBJC_LITERAL_CONVERSION = YES;
				CLANG_WARN_RANGE_LOOP_ANALYSIS = YES;
				CLANG_WARN_STRICT_PROTOTYPES = YES;
				CLANG_WARN_SUSPICIOUS_MOVE = YES;
				CLANG_WARN_UNREACHABLE_CODE = YES;
				CLANG_WARN__DUPLICATE_METHOD_MATCH = YES;
				ENABLE_STRICT_OBJC_MSGSEND = YES;
				GCC_C_LANGUAGE_STANDARD = c99;
				GCC_NO_COMMON_BLOCKS = YES;
				GCC_THUMB_SUPPORT = NO;
				GCC_VERSION = "";
				GCC_WARN_64_TO_32_BIT_CONVERSION = YES;
				GCC_WARN_ABOUT_RETURN_TYPE = YES;
				GCC_WARN_UNDECLARED_SELECTOR = YES;
				GCC_WARN_UNINITIALIZED_AUTOS = YES;
				GCC_WARN_UNUSED_FUNCTION = YES;
				GCC_WARN_UNUSED_VARIABLE = YES;
				PRODUCT_BUNDLE_IDENTIFIER = vn.amtechcom.anhmo;
				SDKROOT = iphoneos;
				SKIP_INSTALL = NO;
				SWIFT_VERSION = 5.0;
				WK_WEB_VIEW_ONLY = 0;
			};
			name = Release;
		};
/* End XCBuildConfiguration section */

/* Begin XCConfigurationList section */
		0C7C04AA25448EE300EAE28F /* Build configuration list for PBXNativeTarget "OneSignalNotificationServiceExtension" */ = {
			isa = XCConfigurationList;
			buildConfigurations = (
				0C7C04A725448EE300EAE28F /* Debug */,
				0C7C04A825448EE300EAE28F /* Release */,
			);
			defaultConfigurationIsVisible = 0;
			defaultConfigurationName = Release;
		};
		1D6058960D05DD3E006BFB54 /* Build configuration list for PBXNativeTarget "AMO" */ = {
			isa = XCConfigurationList;
			buildConfigurations = (
				1D6058940D05DD3E006BFB54 /* Debug */,
				1D6058950D05DD3E006BFB54 /* Release */,
			);
			defaultConfigurationIsVisible = 0;
			defaultConfigurationName = Release;
		};
		C01FCF4E08A954540054247B /* Build configuration list for PBXProject "AMO" */ = {
			isa = XCConfigurationList;
			buildConfigurations = (
				C01FCF4F08A954540054247B /* Debug */,
				C01FCF5008A954540054247B /* Release */,
			);
			defaultConfigurationIsVisible = 0;
			defaultConfigurationName = Release;
		};
/* End XCConfigurationList section */
	};
	rootObject = 29B97313FDCFA39411CA2CEA /* Project object */;
}
